# This file is automatically @generated by Cargo.
# It is not intended for manual editing.
version = 3

[[package]]
name = "sdk_metadata"
version = "1.0.0"
dependencies = [
 "sub-crate",
 "sub-crate-proc-macro",
]

[[package]]
name = "sub-crate"
version = "1.0.0"

[[package]]
name = "sub-crate-proc-macro"
version = "1.0.0"
