hash: 1fcb911c3e8d376e2dd7edbd73f531a48f8401579c13d5dff941a57e438b6073
updated: 2023-06-23T07:15:19.451534863Z
packages:
- package: libasound2
  version: 1.0.27.2-3ubuntu7
  url: http://us.archive.ubuntu.com/ubuntu/pool/main/a/alsa-lib/libasound2_1.0.27.2-3ubuntu7_amd64.deb
  hash: 04dbcbb653c059a0a605f8eac645f2a679ad8e63bd0b1fd290af404bf61503ff
- package: libasound2
  version: 1.0.27.2-3ubuntu7
  url: http://us.archive.ubuntu.com/ubuntu/pool/main/a/alsa-lib/libasound2_1.0.27.2-3ubuntu7_i386.deb
  hash: 4abc006761310ffb94a99cdae24db25e4ba697e3231a7a97d75a90d669a0bf45
- package: libasound2
  version: 1.0.27.2-3ubuntu7
  url: http://us.ports.ubuntu.com/ubuntu-ports/pool/main/a/alsa-lib/libasound2_1.0.27.2-3ubuntu7_arm64.deb
  hash: 1320643edab487778d80adf8109d8c549f79cdb8997c33e50ca167980a920f52
- package: libasound2
  version: 1.0.27.2-3ubuntu7
  url: http://us.ports.ubuntu.com/ubuntu-ports/pool/main/a/alsa-lib/libasound2_1.0.27.2-3ubuntu7_armhf.deb
  hash: 706e9ab62c808d1bd8725668c09974044614c70c3eb5f2e1853e9765753ebcc4
- package: libasound2-dev
  version: 1.0.27.2-3ubuntu7
  url: http://us.archive.ubuntu.com/ubuntu/pool/main/a/alsa-lib/libasound2-dev_1.0.27.2-3ubuntu7_amd64.deb
  hash: 0fbc23a308d6430896cc21233a84e59812285304b9f5221125d553fc64f2cf9e
- package: libasound2-dev
  version: 1.0.27.2-3ubuntu7
  url: http://us.archive.ubuntu.com/ubuntu/pool/main/a/alsa-lib/libasound2-dev_1.0.27.2-3ubuntu7_i386.deb
  hash: 7063e563bce0c51deb23eec372872904ba192227f27056a3ee7f219699c73022
- package: libasound2-dev
  version: 1.0.27.2-3ubuntu7
  url: http://us.ports.ubuntu.com/ubuntu-ports/pool/main/a/alsa-lib/libasound2-dev_1.0.27.2-3ubuntu7_arm64.deb
  hash: 4c0fcd8ac9e805376c4de588aee0ab5dbc89f2157c1e03ddab1748d671a01f05
- package: libasound2-dev
  version: 1.0.27.2-3ubuntu7
  url: http://us.ports.ubuntu.com/ubuntu-ports/pool/main/a/alsa-lib/libasound2-dev_1.0.27.2-3ubuntu7_armhf.deb
  hash: 868a8d77aa9b07d93c1bd4df032e6396ec0ad430b6f4e4307cf83623e6e5267a
- package: libc6
  version: 2.19-0ubuntu6.15
  url: http://us.archive.ubuntu.com/ubuntu/pool/main/e/eglibc/libc6_2.19-0ubuntu6.15_amd64.deb
  hash: b10b75ad73cadb9930b65f7744c59290f68d01d6819656895e326df481904755
- package: libc6
  version: 2.19-0ubuntu6.15
  url: http://us.archive.ubuntu.com/ubuntu/pool/main/e/eglibc/libc6_2.19-0ubuntu6.15_i386.deb
  hash: 8f429c90bb3da42bc34f5a92fc02f808e6097468799a11a12d6ffa771062ecf5
- package: libc6
  version: 2.19-0ubuntu6.15
  url: http://us.ports.ubuntu.com/ubuntu-ports/pool/main/e/eglibc/libc6_2.19-0ubuntu6.15_arm64.deb
  hash: a7e49942567db2adfd9bb63d041635ed4827303e306161c2281d1b33c995442b
- package: libc6
  version: 2.19-0ubuntu6.15
  url: http://us.ports.ubuntu.com/ubuntu-ports/pool/main/e/eglibc/libc6_2.19-0ubuntu6.15_armhf.deb
  hash: 773762b24d42c5eb122168365a9d7eae8d62a6fe12482c50393a839c58d072e8
- package: libc6-dev
  version: 2.19-0ubuntu6.15
  url: http://us.archive.ubuntu.com/ubuntu/pool/main/e/eglibc/libc6-dev_2.19-0ubuntu6.15_amd64.deb
  hash: dd87419aa07734a45caecbc36493e9ae5f7410dcbb253294d030d1008beefe4f
- package: libc6-dev
  version: 2.19-0ubuntu6.15
  url: http://us.archive.ubuntu.com/ubuntu/pool/main/e/eglibc/libc6-dev_2.19-0ubuntu6.15_i386.deb
  hash: 05d7a4d66a3ee23b577c65d6191ddeb800c73a99b16f842a61eacad0f5f8fed8
- package: libc6-dev
  version: 2.19-0ubuntu6.15
  url: http://us.ports.ubuntu.com/ubuntu-ports/pool/main/e/eglibc/libc6-dev_2.19-0ubuntu6.15_arm64.deb
  hash: 54904f728b252b362b74619cc3bd0aca1f14fdb71c64fddf0675a1a993d9c3fc
- package: libc6-dev
  version: 2.19-0ubuntu6.15
  url: http://us.ports.ubuntu.com/ubuntu-ports/pool/main/e/eglibc/libc6-dev_2.19-0ubuntu6.15_armhf.deb
  hash: 48174e249d8107e5925d0e4b755bb284b10f26218a9b43551d8f7b0a7b51499e
- package: libgl1-mesa-dev
  version: 10.1.3-0ubuntu0.6
  url: http://us.archive.ubuntu.com/ubuntu/pool/main/m/mesa/libgl1-mesa-dev_10.1.3-0ubuntu0.6_amd64.deb
  hash: 42e0f0cc7e933e1646de9cd2c1ebf49434a6fe7caa458d13abcfb7b3d82d7e6c
- package: libgl1-mesa-dev
  version: 10.1.3-0ubuntu0.6
  url: http://us.archive.ubuntu.com/ubuntu/pool/main/m/mesa/libgl1-mesa-dev_10.1.3-0ubuntu0.6_i386.deb
  hash: 267dd9a140346be3163e31d1a8045fe4f82b63b8879ac2e666cec802ab748831
- package: libgl1-mesa-dev
  version: 10.1.3-0ubuntu0.6
  url: http://us.ports.ubuntu.com/ubuntu-ports/pool/main/m/mesa/libgl1-mesa-dev_10.1.3-0ubuntu0.6_arm64.deb
  hash: d5d850f0b8076ddcfb56e748ce6595f334364db2be388605b7a6ab6bacbc930f
- package: libgl1-mesa-dev
  version: 10.1.3-0ubuntu0.6
  url: http://us.ports.ubuntu.com/ubuntu-ports/pool/main/m/mesa/libgl1-mesa-dev_10.1.3-0ubuntu0.6_armhf.deb
  hash: 84450a14b54c722b2c9b26683db90d77bc9eb29f56676e2e500e01dd02dd3c60
- package: libglapi-mesa
  version: 10.1.3-0ubuntu0.6
  url: http://us.archive.ubuntu.com/ubuntu/pool/main/m/mesa/libglapi-mesa_10.1.3-0ubuntu0.6_amd64.deb
  hash: a10af7bf29686e5ae45fa1ae6ac78e5f3417c88d8ebe896ae7eb7e6541d03aa6
- package: libglapi-mesa
  version: 10.1.3-0ubuntu0.6
  url: http://us.archive.ubuntu.com/ubuntu/pool/main/m/mesa/libglapi-mesa_10.1.3-0ubuntu0.6_i386.deb
  hash: ea6eacaa1125625a961dbbcc270d4fb541259331d0c1e800f68a21daa8b30548
- package: libglapi-mesa
  version: 10.1.3-0ubuntu0.6
  url: http://us.ports.ubuntu.com/ubuntu-ports/pool/main/m/mesa/libglapi-mesa_10.1.3-0ubuntu0.6_arm64.deb
  hash: 4e6775fe229f9886b8071645c82aa1654937f86f06c5239917bc92142359f8af
- package: libglapi-mesa
  version: 10.1.3-0ubuntu0.6
  url: http://us.ports.ubuntu.com/ubuntu-ports/pool/main/m/mesa/libglapi-mesa_10.1.3-0ubuntu0.6_armhf.deb
  hash: f351b785eda6d38c47dad9c8825908e2b1549e1914b21710400860ac7017d31f
- package: libglu1-mesa
  version: 9.0.0-2
  url: http://us.archive.ubuntu.com/ubuntu/pool/main/libg/libglu/libglu1-mesa_9.0.0-2_amd64.deb
  hash: 1a38ee690908f47aae61ca7e239f9540772c662f81fdcb2dfd2354a34c337866
- package: libglu1-mesa
  version: 9.0.0-2
  url: http://us.archive.ubuntu.com/ubuntu/pool/main/libg/libglu/libglu1-mesa_9.0.0-2_i386.deb
  hash: f9112aad83f9355e3ef58e46bc262151fac0df4ac3b0e1cea079a03bb34735c8
- package: libglu1-mesa
  version: 9.0.0-2
  url: http://us.ports.ubuntu.com/ubuntu-ports/pool/main/libg/libglu/libglu1-mesa_9.0.0-2_arm64.deb
  hash: aa9b70df0702fdc98787e7dba472b354579e9bee429cb14502b3ab11c1c27f04
- package: libglu1-mesa
  version: 9.0.0-2
  url: http://us.ports.ubuntu.com/ubuntu-ports/pool/main/libg/libglu/libglu1-mesa_9.0.0-2_armhf.deb
  hash: 3085bade461253e92e6b175ca50152e5e1aa54d13fb42d48e2f2c39fe645d386
- package: libglu1-mesa-dev
  version: 9.0.0-2
  url: http://us.archive.ubuntu.com/ubuntu/pool/main/libg/libglu/libglu1-mesa-dev_9.0.0-2_amd64.deb
  hash: 025a4119fa8153e05b99b82b94e2b7604c098c18a80d083ddcb2d2afa82d888c
- package: libglu1-mesa-dev
  version: 9.0.0-2
  url: http://us.archive.ubuntu.com/ubuntu/pool/main/libg/libglu/libglu1-mesa-dev_9.0.0-2_i386.deb
  hash: 9709d1a821d8f212300a0d52d9acf47cd90457154995306e01cc6351aedb80b2
- package: libglu1-mesa-dev
  version: 9.0.0-2
  url: http://us.ports.ubuntu.com/ubuntu-ports/pool/main/libg/libglu/libglu1-mesa-dev_9.0.0-2_arm64.deb
  hash: f97b1565fd6901cad946ed52c7dccc1a7bae666210f72a2dd96121f63ac96078
- package: libglu1-mesa-dev
  version: 9.0.0-2
  url: http://us.ports.ubuntu.com/ubuntu-ports/pool/main/libg/libglu/libglu1-mesa-dev_9.0.0-2_armhf.deb
  hash: f463aa4b3e500757273bdd8024fa0b29d11441cb5d47d1457d71165ebad04872
- package: libpython3.4
  version: 3.4.3-1ubuntu1~14.04.7
  url: http://us.archive.ubuntu.com/ubuntu/pool/main/p/python3.4/libpython3.4_3.4.3-1ubuntu1~14.04.7_amd64.deb
  hash: d882b44e96b2c35acd67d1af2ff3b72f30b0526cc50846bfc6c47a03fc43ad93
- package: libpython3.4
  version: 3.4.3-1ubuntu1~14.04.7
  url: http://us.archive.ubuntu.com/ubuntu/pool/main/p/python3.4/libpython3.4_3.4.3-1ubuntu1~14.04.7_i386.deb
  hash: af7f1f7e8af1526aeb668798b811df97101274feb4443ac4c638c6c9e9fdcffd
- package: libpython3.4
  version: 3.4.3-1ubuntu1~14.04.7
  url: http://us.ports.ubuntu.com/ubuntu-ports/pool/main/p/python3.4/libpython3.4_3.4.3-1ubuntu1~14.04.7_arm64.deb
  hash: a6d83e2903dd6af5b43ce0e40a11cad5a6196750e245c47cb60d214ac4816441
- package: libpython3.4
  version: 3.4.3-1ubuntu1~14.04.7
  url: http://us.ports.ubuntu.com/ubuntu-ports/pool/main/p/python3.4/libpython3.4_3.4.3-1ubuntu1~14.04.7_armhf.deb
  hash: 8b19d01cbe4dd1e0ce314acfbf685285f876ed0b832f1ce96aab7f5ee2b141cf
- package: libpython3.4-dev
  version: 3.4.3-1ubuntu1~14.04.7
  url: http://us.archive.ubuntu.com/ubuntu/pool/main/p/python3.4/libpython3.4-dev_3.4.3-1ubuntu1~14.04.7_amd64.deb
  hash: 385882d7068b4b37a5d5316cb08214ba1427211d4dbdc7693f16bf338488c730
- package: libpython3.4-dev
  version: 3.4.3-1ubuntu1~14.04.7
  url: http://us.archive.ubuntu.com/ubuntu/pool/main/p/python3.4/libpython3.4-dev_3.4.3-1ubuntu1~14.04.7_i386.deb
  hash: 3be2b03aabc1402627534d501a2f3ad7b593a100f2ec43294dbd9a90bb21ab25
- package: libpython3.4-dev
  version: 3.4.3-1ubuntu1~14.04.7
  url: http://us.ports.ubuntu.com/ubuntu-ports/pool/main/p/python3.4/libpython3.4-dev_3.4.3-1ubuntu1~14.04.7_arm64.deb
  hash: 2e4605b3896b70b7eaa775632d67f8b18bbff4bc6339875087d03e74c2c2ef29
- package: libpython3.4-dev
  version: 3.4.3-1ubuntu1~14.04.7
  url: http://us.ports.ubuntu.com/ubuntu-ports/pool/main/p/python3.4/libpython3.4-dev_3.4.3-1ubuntu1~14.04.7_armhf.deb
  hash: 104cd59e666c16f5a95d998d542619cdfd8d3fed8377fa47064cc192a0b46f39
- package: libx11-6
  version: 2:1.6.2-1ubuntu2.1
  url: http://us.archive.ubuntu.com/ubuntu/pool/main/libx/libx11/libx11-6_1.6.2-1ubuntu2.1_amd64.deb
  hash: e0478f9f783562355be7e1be664cd55dd1242b3fe1f8325b7e904b69f44568fa
- package: libx11-6
  version: 2:1.6.2-1ubuntu2.1
  url: http://us.archive.ubuntu.com/ubuntu/pool/main/libx/libx11/libx11-6_1.6.2-1ubuntu2.1_i386.deb
  hash: 5359934cafd757a7abeb717ce4a8877b2c4fe707a062d9560c573e0637ca49b7
- package: libx11-6
  version: 2:1.6.2-1ubuntu2.1
  url: http://us.ports.ubuntu.com/ubuntu-ports/pool/main/libx/libx11/libx11-6_1.6.2-1ubuntu2.1_arm64.deb
  hash: 7be0fcb8c72c88713d881f49fea9327a5f31ba07ceec8b10fbb548499a56a72d
- package: libx11-6
  version: 2:1.6.2-1ubuntu2.1
  url: http://us.ports.ubuntu.com/ubuntu-ports/pool/main/libx/libx11/libx11-6_1.6.2-1ubuntu2.1_armhf.deb
  hash: 7dc81282ddcfea1fadb16f236eedcfbf9eb27d924e12bc3cc925ff9e09e08045
- package: libx11-dev
  version: 2:1.6.2-1ubuntu2.1
  url: http://us.archive.ubuntu.com/ubuntu/pool/main/libx/libx11/libx11-dev_1.6.2-1ubuntu2.1_amd64.deb
  hash: d682242e581c8d9b5610bf996a3e613149df080111ca76321719b593d532cbcc
- package: libx11-dev
  version: 2:1.6.2-1ubuntu2.1
  url: http://us.archive.ubuntu.com/ubuntu/pool/main/libx/libx11/libx11-dev_1.6.2-1ubuntu2.1_i386.deb
  hash: fdca2df74d06af0fd0a500dd6e334b3b83b4b3aed5c9808c858a5ebb1a3d305e
- package: libx11-dev
  version: 2:1.6.2-1ubuntu2.1
  url: http://us.ports.ubuntu.com/ubuntu-ports/pool/main/libx/libx11/libx11-dev_1.6.2-1ubuntu2.1_arm64.deb
  hash: 3a2a950c35f4a38675dbffbad490dc202dbe66fd55b5e0f49a9f1c4a5ce43ea0
- package: libx11-dev
  version: 2:1.6.2-1ubuntu2.1
  url: http://us.ports.ubuntu.com/ubuntu-ports/pool/main/libx/libx11/libx11-dev_1.6.2-1ubuntu2.1_armhf.deb
  hash: 1ed21e70a6550cf3eee26262634dcc5a235f46de00a3b216332ef9a3f95af1c2
- package: libx11-xcb-dev
  version: 2:1.6.2-1ubuntu2.1
  url: http://us.archive.ubuntu.com/ubuntu/pool/main/libx/libx11/libx11-xcb-dev_1.6.2-1ubuntu2.1_amd64.deb
  hash: 9e1a4a4a289647bb66ed6a0b970a885a7b08ce0bf227e6972d61644edae28f92
- package: libx11-xcb-dev
  version: 2:1.6.2-1ubuntu2.1
  url: http://us.archive.ubuntu.com/ubuntu/pool/main/libx/libx11/libx11-xcb-dev_1.6.2-1ubuntu2.1_i386.deb
  hash: 65a8f1a6e73bc8615ad88db2079ae17ba3c982580a5ce2234425a45e552b9837
- package: libx11-xcb-dev
  version: 2:1.6.2-1ubuntu2.1
  url: http://us.ports.ubuntu.com/ubuntu-ports/pool/main/libx/libx11/libx11-xcb-dev_1.6.2-1ubuntu2.1_arm64.deb
  hash: 88ade77675889936b03b81fee52ff0b74f608cd45a2dffe5bceb89e07700f5fc
- package: libx11-xcb-dev
  version: 2:1.6.2-1ubuntu2.1
  url: http://us.ports.ubuntu.com/ubuntu-ports/pool/main/libx/libx11/libx11-xcb-dev_1.6.2-1ubuntu2.1_armhf.deb
  hash: b6cadcca4ad34e91f13dad460723e249eaadf5e5dcf243031f3677b35ad54b68
- package: libx11-xcb1
  version: 2:1.6.2-1ubuntu2.1
  url: http://us.archive.ubuntu.com/ubuntu/pool/main/libx/libx11/libx11-xcb1_1.6.2-1ubuntu2.1_amd64.deb
  hash: 024adda32f8ba065bc27f8a855daafc06f7ee1d8e06f8fcdd8209c995d9e29fd
- package: libx11-xcb1
  version: 2:1.6.2-1ubuntu2.1
  url: http://us.archive.ubuntu.com/ubuntu/pool/main/libx/libx11/libx11-xcb1_1.6.2-1ubuntu2.1_i386.deb
  hash: fbc4fa9b0eed927dd50e697c3b79dfd9662a57e35a924daa263ff430e1372e1d
- package: libx11-xcb1
  version: 2:1.6.2-1ubuntu2.1
  url: http://us.ports.ubuntu.com/ubuntu-ports/pool/main/libx/libx11/libx11-xcb1_1.6.2-1ubuntu2.1_arm64.deb
  hash: 466e419fddc0084a83932a559f3359804a021ea6a66ccfa1697f282a806df880
- package: libx11-xcb1
  version: 2:1.6.2-1ubuntu2.1
  url: http://us.ports.ubuntu.com/ubuntu-ports/pool/main/libx/libx11/libx11-xcb1_1.6.2-1ubuntu2.1_armhf.deb
  hash: 59ee66308a60b2563a460ebf276d3a05e1a12f5cb40e8693db437b0ee871669a
- package: libxau-dev
  version: 1:1.0.8-1
  url: http://us.archive.ubuntu.com/ubuntu/pool/main/libx/libxau/libxau-dev_1.0.8-1_amd64.deb
  hash: 40fffc39c010257cb0dd0ad461d3c643bcf4eea5d4cdc26621cd52e9b20a917b
- package: libxau-dev
  version: 1:1.0.8-1
  url: http://us.archive.ubuntu.com/ubuntu/pool/main/libx/libxau/libxau-dev_1.0.8-1_i386.deb
  hash: 11445c59f6aeb29d44388df88b4036824010123331e317fcaf1e26ffc34db6c8
- package: libxau-dev
  version: 1:1.0.8-1
  url: http://us.ports.ubuntu.com/ubuntu-ports/pool/main/libx/libxau/libxau-dev_1.0.8-1_arm64.deb
  hash: 72cc10628badcc49339cc1ba12f18fd1e3722dbd8d0bfbf7269696760e009396
- package: libxau-dev
  version: 1:1.0.8-1
  url: http://us.ports.ubuntu.com/ubuntu-ports/pool/main/libx/libxau/libxau-dev_1.0.8-1_armhf.deb
  hash: 8ec3fd087bfe02b2996aa8951ceb30098bc41758d6db25bad64e4f8623f26952
- package: libxau6
  version: 1:1.0.8-1
  url: http://us.archive.ubuntu.com/ubuntu/pool/main/libx/libxau/libxau6_1.0.8-1_amd64.deb
  hash: 881544ee71d85e89ebf224e45acc94930f6a309da2fb33dbf850bd1434e70597
- package: libxau6
  version: 1:1.0.8-1
  url: http://us.archive.ubuntu.com/ubuntu/pool/main/libx/libxau/libxau6_1.0.8-1_i386.deb
  hash: 96b552504165c79599462b5e9a1a8c18ba14c816add6df38ad4138b77a83ea5c
- package: libxau6
  version: 1:1.0.8-1
  url: http://us.ports.ubuntu.com/ubuntu-ports/pool/main/libx/libxau/libxau6_1.0.8-1_arm64.deb
  hash: 0c2c964fd8dedd5a0bd36abd5f79fdbf94b0f80ce929a6ef58e6c1e9c3f40ab8
- package: libxau6
  version: 1:1.0.8-1
  url: http://us.ports.ubuntu.com/ubuntu-ports/pool/main/libx/libxau/libxau6_1.0.8-1_armhf.deb
  hash: ff0a0078a286f1852345b7d95271db6a0c8876202c534de50e384c1c0da105b0
- package: libxcb-shm0
  version: 1.10-2ubuntu1
  url: http://us.archive.ubuntu.com/ubuntu/pool/main/libx/libxcb/libxcb-shm0_1.10-2ubuntu1_amd64.deb
  hash: 32e21c8d3e6b6dc01fce0eb18c1b67d04ec4e21e05f0ca2bb9e5d77a835f4219
- package: libxcb-shm0
  version: 1.10-2ubuntu1
  url: http://us.archive.ubuntu.com/ubuntu/pool/main/libx/libxcb/libxcb-shm0_1.10-2ubuntu1_i386.deb
  hash: 6bf34047a43b4588dfd0575cb9a71d977fcb59e35cc03ab11d5d563a19d8e6ba
- package: libxcb-shm0
  version: 1.10-2ubuntu1
  url: http://us.ports.ubuntu.com/ubuntu-ports/pool/main/libx/libxcb/libxcb-shm0_1.10-2ubuntu1_arm64.deb
  hash: 4a7e478fe4d98498cbd87d38ae8859556bde7f9f5ccf0d22f5b7e31b535cd9fd
- package: libxcb-shm0
  version: 1.10-2ubuntu1
  url: http://us.ports.ubuntu.com/ubuntu-ports/pool/main/libx/libxcb/libxcb-shm0_1.10-2ubuntu1_armhf.deb
  hash: 1a46e4313e560fba8366aa116aaae49961490d594e5082f77c2cb946e800a475
- package: libxcb-shm0-dev
  version: 1.10-2ubuntu1
  url: http://us.archive.ubuntu.com/ubuntu/pool/main/libx/libxcb/libxcb-shm0-dev_1.10-2ubuntu1_amd64.deb
  hash: 8b7b2d8cf43a9022e72fc68540af59ddf4b72a269d72dfbe16140ead1f2cef73
- package: libxcb-shm0-dev
  version: 1.10-2ubuntu1
  url: http://us.archive.ubuntu.com/ubuntu/pool/main/libx/libxcb/libxcb-shm0-dev_1.10-2ubuntu1_i386.deb
  hash: 0a932c483b88e6664c07e24d0b0922e0a81b961d14c55c080fbc96ed0f19c5e5
- package: libxcb-shm0-dev
  version: 1.10-2ubuntu1
  url: http://us.ports.ubuntu.com/ubuntu-ports/pool/main/libx/libxcb/libxcb-shm0-dev_1.10-2ubuntu1_arm64.deb
  hash: d7b5b96a6e7742d1e81f147ecb1651e971d2ab334c6f995e249730291e53be9d
- package: libxcb-shm0-dev
  version: 1.10-2ubuntu1
  url: http://us.ports.ubuntu.com/ubuntu-ports/pool/main/libx/libxcb/libxcb-shm0-dev_1.10-2ubuntu1_armhf.deb
  hash: 551fca8e8cbba7be5d798a18607b177bc3111156875d24cabec94a03bf1054ec
- package: libxcb1
  version: 1.10-2ubuntu1
  url: http://us.archive.ubuntu.com/ubuntu/pool/main/libx/libxcb/libxcb1_1.10-2ubuntu1_amd64.deb
  hash: 0cfedaf1edf8a3dc92d2b522f891ddbe3c417ef911ab9c84aaf1ac3b951ab176
- package: libxcb1
  version: 1.10-2ubuntu1
  url: http://us.archive.ubuntu.com/ubuntu/pool/main/libx/libxcb/libxcb1_1.10-2ubuntu1_i386.deb
  hash: 8bb729c04dc48fe7e845af8abbed34d412992f8746a0bc947f7e611a4c5f9e61
- package: libxcb1
  version: 1.10-2ubuntu1
  url: http://us.ports.ubuntu.com/ubuntu-ports/pool/main/libx/libxcb/libxcb1_1.10-2ubuntu1_arm64.deb
  hash: b671c094217532ea276d419a4957a2f2cce38e1052e970c1defc3852c00c9589
- package: libxcb1
  version: 1.10-2ubuntu1
  url: http://us.ports.ubuntu.com/ubuntu-ports/pool/main/libx/libxcb/libxcb1_1.10-2ubuntu1_armhf.deb
  hash: ad48993ecff6c9258a64094f782c2943b3982865a2ee61104807fab95bc2cb4a
- package: libxcb1-dev
  version: 1.10-2ubuntu1
  url: http://us.archive.ubuntu.com/ubuntu/pool/main/libx/libxcb/libxcb1-dev_1.10-2ubuntu1_amd64.deb
  hash: 0d7fb48c48565d2a5cdf54e964f6eacbcad50659f862acbf048d4810ddafb024
- package: libxcb1-dev
  version: 1.10-2ubuntu1
  url: http://us.archive.ubuntu.com/ubuntu/pool/main/libx/libxcb/libxcb1-dev_1.10-2ubuntu1_i386.deb
  hash: 87505d0a57677db41fa16120d77cb7c49ddaf95056491a9f3ea1860ce063f35c
- package: libxcb1-dev
  version: 1.10-2ubuntu1
  url: http://us.ports.ubuntu.com/ubuntu-ports/pool/main/libx/libxcb/libxcb1-dev_1.10-2ubuntu1_arm64.deb
  hash: 1f8a9387a6e53b37f47b9cda44c613b2d3b9ec75647eae6fcb410a23d640d453
- package: libxcb1-dev
  version: 1.10-2ubuntu1
  url: http://us.ports.ubuntu.com/ubuntu-ports/pool/main/libx/libxcb/libxcb1-dev_1.10-2ubuntu1_armhf.deb
  hash: baade5e174da1cf5f196e239d32242904b93490dc1080bc740077b2eac9c56c0
- package: libxcursor-dev
  version: 1:1.1.14-1ubuntu0.14.04.2
  url: http://us.archive.ubuntu.com/ubuntu/pool/main/libx/libxcursor/libxcursor-dev_1.1.14-1ubuntu0.14.04.2_amd64.deb
  hash: 723fdbd097b244f5d0414ec0db372283bc1ac23fc81ef6f190b0b9ec572b07b3
- package: libxcursor-dev
  version: 1:1.1.14-1ubuntu0.14.04.2
  url: http://us.archive.ubuntu.com/ubuntu/pool/main/libx/libxcursor/libxcursor-dev_1.1.14-1ubuntu0.14.04.2_i386.deb
  hash: 551a8ba774c94d7311a11640d81b099874f35af0cf8e417a2e459a98e28dc79d
- package: libxcursor-dev
  version: 1:1.1.14-1ubuntu0.14.04.2
  url: http://us.ports.ubuntu.com/ubuntu-ports/pool/main/libx/libxcursor/libxcursor-dev_1.1.14-1ubuntu0.14.04.2_arm64.deb
  hash: 750791a51d1f84bf6a9872d32fac3c0e1be5602b63d9cc41cebd8c70e1a80c22
- package: libxcursor-dev
  version: 1:1.1.14-1ubuntu0.14.04.2
  url: http://us.ports.ubuntu.com/ubuntu-ports/pool/main/libx/libxcursor/libxcursor-dev_1.1.14-1ubuntu0.14.04.2_armhf.deb
  hash: 49a5fdee51598bfbb42aede080340f0224ca76191aa9dff97b3d22f6dc5e1e5f
- package: libxcursor1
  version: 1:1.1.14-1ubuntu0.14.04.2
  url: http://us.archive.ubuntu.com/ubuntu/pool/main/libx/libxcursor/libxcursor1_1.1.14-1ubuntu0.14.04.2_amd64.deb
  hash: 178e5f3cd2cc75f2702318e13cdea613745da795ff0d44f8f1494b78508f7f89
- package: libxcursor1
  version: 1:1.1.14-1ubuntu0.14.04.2
  url: http://us.archive.ubuntu.com/ubuntu/pool/main/libx/libxcursor/libxcursor1_1.1.14-1ubuntu0.14.04.2_i386.deb
  hash: a79a7be09515ecd221c52c3613f2fe67e9916303d7eaa898eb9fd9f86dc5dc8b
- package: libxcursor1
  version: 1:1.1.14-1ubuntu0.14.04.2
  url: http://us.ports.ubuntu.com/ubuntu-ports/pool/main/libx/libxcursor/libxcursor1_1.1.14-1ubuntu0.14.04.2_arm64.deb
  hash: b2ee06b16c98590fddcf167099cc962ee24b693e2f7609fadd8641e0f71f238c
- package: libxcursor1
  version: 1:1.1.14-1ubuntu0.14.04.2
  url: http://us.ports.ubuntu.com/ubuntu-ports/pool/main/libx/libxcursor/libxcursor1_1.1.14-1ubuntu0.14.04.2_armhf.deb
  hash: 4967c7af37f29f2ad6fe130fd2688073761d0867420e330f097443467efdb60b
- package: libxdmcp-dev
  version: 1:1.1.1-1
  url: http://us.archive.ubuntu.com/ubuntu/pool/main/libx/libxdmcp/libxdmcp-dev_1.1.1-1_amd64.deb
  hash: bebe2a554df06abb3e98ae9a66d4dacea800561875eb336f4b5c7b806fb033b5
- package: libxdmcp-dev
  version: 1:1.1.1-1
  url: http://us.archive.ubuntu.com/ubuntu/pool/main/libx/libxdmcp/libxdmcp-dev_1.1.1-1_i386.deb
  hash: 343ed4048d1505ba38af3cccdcaf3829112dfc56b5c00cd844112ba017b2eb24
- package: libxdmcp-dev
  version: 1:1.1.1-1
  url: http://us.ports.ubuntu.com/ubuntu-ports/pool/main/libx/libxdmcp/libxdmcp-dev_1.1.1-1_arm64.deb
  hash: a094da8695f7bb36786c8c42d1a747b097634fa10eca1e82a85825d1005fafb6
- package: libxdmcp-dev
  version: 1:1.1.1-1
  url: http://us.ports.ubuntu.com/ubuntu-ports/pool/main/libx/libxdmcp/libxdmcp-dev_1.1.1-1_armhf.deb
  hash: 7692158f3d857675dc1bdcb6a0c18b9942ef96ba3e50bd883d50fe34c8ad4a43
- package: libxdmcp6
  version: 1:1.1.1-1
  url: http://us.archive.ubuntu.com/ubuntu/pool/main/libx/libxdmcp/libxdmcp6_1.1.1-1_amd64.deb
  hash: a490df1d9157d5f86606bde52fe73963d2b764953a5741275e671614a7f03d38
- package: libxdmcp6
  version: 1:1.1.1-1
  url: http://us.archive.ubuntu.com/ubuntu/pool/main/libx/libxdmcp/libxdmcp6_1.1.1-1_i386.deb
  hash: a4b91c5c767c957d32111e807e792d7e73c6bcd48d15acec708323f48d24e58c
- package: libxdmcp6
  version: 1:1.1.1-1
  url: http://us.ports.ubuntu.com/ubuntu-ports/pool/main/libx/libxdmcp/libxdmcp6_1.1.1-1_arm64.deb
  hash: 759d44d9480908290186d48c834d99cad41ef88aed5c7a6b6a61c30eaed3cce8
- package: libxdmcp6
  version: 1:1.1.1-1
  url: http://us.ports.ubuntu.com/ubuntu-ports/pool/main/libx/libxdmcp/libxdmcp6_1.1.1-1_armhf.deb
  hash: a1d9a296d7132bdc7a35d9c63712d7729713d5f51cb0b493abca3ed6dc2edfdf
- package: libxext-dev
  version: 2:1.3.2-1ubuntu0.0.14.04.1
  url: http://us.archive.ubuntu.com/ubuntu/pool/main/libx/libxext/libxext-dev_1.3.2-1ubuntu0.0.14.04.1_amd64.deb
  hash: 06dda0d9875e2f5e412d7a81bcf5050c6a936613de69eb906d75625ad7ccc3d4
- package: libxext-dev
  version: 2:1.3.2-1ubuntu0.0.14.04.1
  url: http://us.archive.ubuntu.com/ubuntu/pool/main/libx/libxext/libxext-dev_1.3.2-1ubuntu0.0.14.04.1_i386.deb
  hash: a5bb30f9afd2a49bc20809064300a12e1787928a944fc02cd058d6ff035cac7b
- package: libxext-dev
  version: 2:1.3.2-1ubuntu0.0.14.04.1
  url: http://us.ports.ubuntu.com/ubuntu-ports/pool/main/libx/libxext/libxext-dev_1.3.2-1ubuntu0.0.14.04.1_arm64.deb
  hash: d3ea0f770963784f973ab74a099291ccc28f6f3665b8ef260311388d3e61c493
- package: libxext-dev
  version: 2:1.3.2-1ubuntu0.0.14.04.1
  url: http://us.ports.ubuntu.com/ubuntu-ports/pool/main/libx/libxext/libxext-dev_1.3.2-1ubuntu0.0.14.04.1_armhf.deb
  hash: 4c8d3c750a496afae477659b17a85a472d722f4f297ea351751b7974425bd5fc
- package: libxext6
  version: 2:1.3.2-1ubuntu0.0.14.04.1
  url: http://us.archive.ubuntu.com/ubuntu/pool/main/libx/libxext/libxext6_1.3.2-1ubuntu0.0.14.04.1_amd64.deb
  hash: 87e40bfe50c06aed13ef2583d6aa175a5001613e37e7250f29ccd4bddf743cba
- package: libxext6
  version: 2:1.3.2-1ubuntu0.0.14.04.1
  url: http://us.archive.ubuntu.com/ubuntu/pool/main/libx/libxext/libxext6_1.3.2-1ubuntu0.0.14.04.1_i386.deb
  hash: fa603b910e36de099d69602b7b7a7896ecbf1efcb321a9fc6705d3475101a8b0
- package: libxext6
  version: 2:1.3.2-1ubuntu0.0.14.04.1
  url: http://us.ports.ubuntu.com/ubuntu-ports/pool/main/libx/libxext/libxext6_1.3.2-1ubuntu0.0.14.04.1_arm64.deb
  hash: 47e6538ffce9e24fdeacdbc9057f3775b0bfb08463145f0fe379d8c7bed40110
- package: libxext6
  version: 2:1.3.2-1ubuntu0.0.14.04.1
  url: http://us.ports.ubuntu.com/ubuntu-ports/pool/main/libx/libxext/libxext6_1.3.2-1ubuntu0.0.14.04.1_armhf.deb
  hash: 8dbe672100e49429f1c823f6a9ef83580f26515c304aa937231275602dcf73d0
- package: libxfixes-dev
  version: 1:5.0.1-1ubuntu1.1
  url: http://us.archive.ubuntu.com/ubuntu/pool/main/libx/libxfixes/libxfixes-dev_5.0.1-1ubuntu1.1_amd64.deb
  hash: 2bf3df114f56a6e705218a16efe27503b49d286b578686212789fcc329f320b1
- package: libxfixes-dev
  version: 1:5.0.1-1ubuntu1.1
  url: http://us.archive.ubuntu.com/ubuntu/pool/main/libx/libxfixes/libxfixes-dev_5.0.1-1ubuntu1.1_i386.deb
  hash: e0d0480c484e632a3f525b6b0007cbd8db9d7514c1e4a676bc82ce8b0581216a
- package: libxfixes-dev
  version: 1:5.0.1-1ubuntu1.1
  url: http://us.ports.ubuntu.com/ubuntu-ports/pool/main/libx/libxfixes/libxfixes-dev_5.0.1-1ubuntu1.1_arm64.deb
  hash: 16e8f2390bde4e09623386e44ec13c446190d362801e64dd971e84cc11096377
- package: libxfixes-dev
  version: 1:5.0.1-1ubuntu1.1
  url: http://us.ports.ubuntu.com/ubuntu-ports/pool/main/libx/libxfixes/libxfixes-dev_5.0.1-1ubuntu1.1_armhf.deb
  hash: 62e726cbc8db3da7c446168d903a1c41e27478b182c7743c3846677cbade8f66
- package: libxfixes3
  version: 1:5.0.1-1ubuntu1.1
  url: http://us.archive.ubuntu.com/ubuntu/pool/main/libx/libxfixes/libxfixes3_5.0.1-1ubuntu1.1_amd64.deb
  hash: 716b3bec624e0d662ea2337d8af83df801c12d6cdea24827090f893fbc4f325c
- package: libxfixes3
  version: 1:5.0.1-1ubuntu1.1
  url: http://us.archive.ubuntu.com/ubuntu/pool/main/libx/libxfixes/libxfixes3_5.0.1-1ubuntu1.1_i386.deb
  hash: 37dbec60fec0c02f06536c2f3e8fec5a42f2603563a7c4d4a941422b1b77e6e3
- package: libxfixes3
  version: 1:5.0.1-1ubuntu1.1
  url: http://us.ports.ubuntu.com/ubuntu-ports/pool/main/libx/libxfixes/libxfixes3_5.0.1-1ubuntu1.1_arm64.deb
  hash: ea5451b0e847e1dbceafafe0ef9bfc50cedd442823ec226ca565e157cd8ec16d
- package: libxfixes3
  version: 1:5.0.1-1ubuntu1.1
  url: http://us.ports.ubuntu.com/ubuntu-ports/pool/main/libx/libxfixes/libxfixes3_5.0.1-1ubuntu1.1_armhf.deb
  hash: 06ac6cfb920110ea9692851303cdee146d7ead9d7349fac60e0cfaa9573224e5
- package: libxi-dev
  version: 2:1.7.1.901-1ubuntu1.1
  url: http://us.archive.ubuntu.com/ubuntu/pool/main/libx/libxi/libxi-dev_1.7.1.901-1ubuntu1.1_amd64.deb
  hash: 62484524c7110accc0cd55f03dab5415b65d46403e3e517c900208e30e13fd07
- package: libxi-dev
  version: 2:1.7.1.901-1ubuntu1.1
  url: http://us.archive.ubuntu.com/ubuntu/pool/main/libx/libxi/libxi-dev_1.7.1.901-1ubuntu1.1_i386.deb
  hash: 0df488ea915681e7c2903ef952c254ca5a8d3cab752f078335e843bb568372dc
- package: libxi-dev
  version: 2:1.7.1.901-1ubuntu1.1
  url: http://us.ports.ubuntu.com/ubuntu-ports/pool/main/libx/libxi/libxi-dev_1.7.1.901-1ubuntu1.1_arm64.deb
  hash: 1e3bc8ebb23f66a78937a270a4761b2a0d1265b16c72bf909dca3850cdb481c9
- package: libxi-dev
  version: 2:1.7.1.901-1ubuntu1.1
  url: http://us.ports.ubuntu.com/ubuntu-ports/pool/main/libx/libxi/libxi-dev_1.7.1.901-1ubuntu1.1_armhf.deb
  hash: fa24c3f05a0fd3f312114ff7e322a9d88004355f4e93c18311cf28e2083f8633
- package: libxi6
  version: 2:1.7.1.901-1ubuntu1.1
  url: http://us.archive.ubuntu.com/ubuntu/pool/main/libx/libxi/libxi6_1.7.1.901-1ubuntu1.1_amd64.deb
  hash: 495500459d2021ddc842c160a366e9addbfb12f6d490b3ff444e029f6d711eb4
- package: libxi6
  version: 2:1.7.1.901-1ubuntu1.1
  url: http://us.archive.ubuntu.com/ubuntu/pool/main/libx/libxi/libxi6_1.7.1.901-1ubuntu1.1_i386.deb
  hash: 9d9944d1552769142c70d999dd6131455f73a55ec65ecf78d132ae4a7a2b161a
- package: libxi6
  version: 2:1.7.1.901-1ubuntu1.1
  url: http://us.ports.ubuntu.com/ubuntu-ports/pool/main/libx/libxi/libxi6_1.7.1.901-1ubuntu1.1_arm64.deb
  hash: c3726831f1d290a2e9820505d9624666e0e8fb9e4affa14da278c6a3c9217ab5
- package: libxi6
  version: 2:1.7.1.901-1ubuntu1.1
  url: http://us.ports.ubuntu.com/ubuntu-ports/pool/main/libx/libxi/libxi6_1.7.1.901-1ubuntu1.1_armhf.deb
  hash: a34cf0843c5cbee7e15b98d588fe01a3dac7162a898005582bc4994777ad5400
- package: libxinerama-dev
  version: 2:1.1.3-1
  url: http://us.archive.ubuntu.com/ubuntu/pool/main/libx/libxinerama/libxinerama-dev_1.1.3-1_amd64.deb
  hash: 17e0b3c732630f64e45f9e77e3b6639c20afe3e9f42ac29014c1c41602523e57
- package: libxinerama-dev
  version: 2:1.1.3-1
  url: http://us.archive.ubuntu.com/ubuntu/pool/main/libx/libxinerama/libxinerama-dev_1.1.3-1_i386.deb
  hash: 43eb9974b4d5d99bd0aea53162109a3ce7e70e45369ad0ebc5f63d0c610c83c8
- package: libxinerama-dev
  version: 2:1.1.3-1
  url: http://us.ports.ubuntu.com/ubuntu-ports/pool/main/libx/libxinerama/libxinerama-dev_1.1.3-1_arm64.deb
  hash: cb4041e9151387c5ecbce1eba9dd9ab6a8addee4291fe09aa70c14fe79c1eced
- package: libxinerama-dev
  version: 2:1.1.3-1
  url: http://us.ports.ubuntu.com/ubuntu-ports/pool/main/libx/libxinerama/libxinerama-dev_1.1.3-1_armhf.deb
  hash: b85b9d36ed31241c1557e0e4b6c3e02763ff9bad4dd3c11e7fcbcc20cd3624dc
- package: libxinerama1
  version: 2:1.1.3-1
  url: http://us.archive.ubuntu.com/ubuntu/pool/main/libx/libxinerama/libxinerama1_1.1.3-1_amd64.deb
  hash: a2619fb2c8afe71fff0a047ffda776a8fadc5a914334abf00183442a3e46fca8
- package: libxinerama1
  version: 2:1.1.3-1
  url: http://us.archive.ubuntu.com/ubuntu/pool/main/libx/libxinerama/libxinerama1_1.1.3-1_i386.deb
  hash: acbc483ce97574da5c224f9f9d54fc933edc15e68a0867de8712b0686caf6d9e
- package: libxinerama1
  version: 2:1.1.3-1
  url: http://us.ports.ubuntu.com/ubuntu-ports/pool/main/libx/libxinerama/libxinerama1_1.1.3-1_arm64.deb
  hash: f76150e9b5f61e81b63be7874d3c7de2138fbb368a6fe7a3e8a225bfc9f6bb48
- package: libxinerama1
  version: 2:1.1.3-1
  url: http://us.ports.ubuntu.com/ubuntu-ports/pool/main/libx/libxinerama/libxinerama1_1.1.3-1_armhf.deb
  hash: 0e3595fc329511ed84828a9fb241d6c34376aa8042516a992b5eca99095d1c05
- package: libxrandr-dev
  version: 2:1.5.0-1~trusty1
  url: http://us.archive.ubuntu.com/ubuntu/pool/main/libx/libxrandr/libxrandr-dev_1.5.0-1~trusty1_amd64.deb
  hash: 231ee2b4424a454662cb871265db22afae3f1f8916b52607666c1a21c7398ab5
- package: libxrandr-dev
  version: 2:1.5.0-1~trusty1
  url: http://us.archive.ubuntu.com/ubuntu/pool/main/libx/libxrandr/libxrandr-dev_1.5.0-1~trusty1_i386.deb
  hash: f0fc1124fc6c1e65559cd3a95e27b218c71a8f064a90447d4f0561247fd0ee38
- package: libxrandr-dev
  version: 2:1.5.0-1~trusty1
  url: http://us.ports.ubuntu.com/ubuntu-ports/pool/main/libx/libxrandr/libxrandr-dev_1.5.0-1~trusty1_arm64.deb
  hash: b98d2f4aaa7e55ba038d5a5944bfe104f19b78afb68741096d927c176b17761a
- package: libxrandr-dev
  version: 2:1.5.0-1~trusty1
  url: http://us.ports.ubuntu.com/ubuntu-ports/pool/main/libx/libxrandr/libxrandr-dev_1.5.0-1~trusty1_armhf.deb
  hash: 55e0167c5a0399fb61dc9f1311a450506896c568c75de37b53e03862579706bc
- package: libxrandr2
  version: 2:1.5.0-1~trusty1
  url: http://us.archive.ubuntu.com/ubuntu/pool/main/libx/libxrandr/libxrandr2_1.5.0-1~trusty1_amd64.deb
  hash: 368157b36a2f83945929397a3532ec4ee6e3cb59338caae8b68190840ac781d3
- package: libxrandr2
  version: 2:1.5.0-1~trusty1
  url: http://us.archive.ubuntu.com/ubuntu/pool/main/libx/libxrandr/libxrandr2_1.5.0-1~trusty1_i386.deb
  hash: 9aa4d149e7ff4a8354522242aca731cb9f199a4edc8cf34f0b88a02994f30251
- package: libxrandr2
  version: 2:1.5.0-1~trusty1
  url: http://us.ports.ubuntu.com/ubuntu-ports/pool/main/libx/libxrandr/libxrandr2_1.5.0-1~trusty1_arm64.deb
  hash: 2d9e452f1c271ba9fccffad42f7a08868ae18dd5f842cc18070487c6c1e3531c
- package: libxrandr2
  version: 2:1.5.0-1~trusty1
  url: http://us.ports.ubuntu.com/ubuntu-ports/pool/main/libx/libxrandr/libxrandr2_1.5.0-1~trusty1_armhf.deb
  hash: 585648ab0b078323c812cfbd5b51a1acb5846dbff70b909e1a922b0872dd59f0
- package: libxrender-dev
  version: 1:0.9.8-1build0.14.04.1
  url: http://us.archive.ubuntu.com/ubuntu/pool/main/libx/libxrender/libxrender-dev_0.9.8-1build0.14.04.1_amd64.deb
  hash: 3dc961ebb04aad12a92ba490f0479d2cf8e77d9c1e97f330edaedab8000e7fe2
- package: libxrender-dev
  version: 1:0.9.8-1build0.14.04.1
  url: http://us.archive.ubuntu.com/ubuntu/pool/main/libx/libxrender/libxrender-dev_0.9.8-1build0.14.04.1_i386.deb
  hash: 7b91153e62f55c08c60af5c6e14e55eb314509d59f36665eb7890f2450f8ee71
- package: libxrender-dev
  version: 1:0.9.8-1build0.14.04.1
  url: http://us.ports.ubuntu.com/ubuntu-ports/pool/main/libx/libxrender/libxrender-dev_0.9.8-1build0.14.04.1_arm64.deb
  hash: afb679513467ca3d7ad8d7ba22b411f2b2377ba446fe1c3564a601d0f0947983
- package: libxrender-dev
  version: 1:0.9.8-1build0.14.04.1
  url: http://us.ports.ubuntu.com/ubuntu-ports/pool/main/libx/libxrender/libxrender-dev_0.9.8-1build0.14.04.1_armhf.deb
  hash: 92fbdea64c7611a1cb02917b29fdef897f3fda183cc9a6d0d0d5d5930aab6865
- package: libxrender1
  version: 1:0.9.8-1build0.14.04.1
  url: http://us.archive.ubuntu.com/ubuntu/pool/main/libx/libxrender/libxrender1_0.9.8-1build0.14.04.1_amd64.deb
  hash: 64e1d395ae62765fb7bb701356b44225ddf840d4332331599b59451e4132effc
- package: libxrender1
  version: 1:0.9.8-1build0.14.04.1
  url: http://us.archive.ubuntu.com/ubuntu/pool/main/libx/libxrender/libxrender1_0.9.8-1build0.14.04.1_i386.deb
  hash: 5db7c9330e5db4c86745923c50ed59224cf9ee99ed73355c11e3075296aafded
- package: libxrender1
  version: 1:0.9.8-1build0.14.04.1
  url: http://us.ports.ubuntu.com/ubuntu-ports/pool/main/libx/libxrender/libxrender1_0.9.8-1build0.14.04.1_arm64.deb
  hash: 3d46482fb5fb05829de6e348cfc9e71c3f06dd23f497226262c5bf58d999dda1
- package: libxrender1
  version: 1:0.9.8-1build0.14.04.1
  url: http://us.ports.ubuntu.com/ubuntu-ports/pool/main/libx/libxrender/libxrender1_0.9.8-1build0.14.04.1_armhf.deb
  hash: a8c0b17156cf02b90c46afbbb60cf3cfb02e756e2ff241271ef0eba8dcd38949
- package: libxss-dev
  version: 1:1.2.2-1
  url: http://us.archive.ubuntu.com/ubuntu/pool/main/libx/libxss/libxss-dev_1.2.2-1_amd64.deb
  hash: 9b306f42341ed9150dcf2a5e037295c7cc32da4643615a88cc4ce257b332edfb
- package: libxss-dev
  version: 1:1.2.2-1
  url: http://us.archive.ubuntu.com/ubuntu/pool/main/libx/libxss/libxss-dev_1.2.2-1_i386.deb
  hash: 5d0220766db40e547479be1bdfd3840a98af1c4f4750d9df137fa6451f1b45d1
- package: libxss-dev
  version: 1:1.2.2-1
  url: http://us.ports.ubuntu.com/ubuntu-ports/pool/main/libx/libxss/libxss-dev_1.2.2-1_arm64.deb
  hash: 1ee8b976f804d77625b7b23db8b23bd701dca0a832441cfa3417755e23259bbf
- package: libxss-dev
  version: 1:1.2.2-1
  url: http://us.ports.ubuntu.com/ubuntu-ports/pool/main/libx/libxss/libxss-dev_1.2.2-1_armhf.deb
  hash: 8b0c113c511d679ce58dcfaafa231610d4a2e3eda1d0d834b464ec448afaf699
- package: libxss1
  version: 1:1.2.2-1
  url: http://us.archive.ubuntu.com/ubuntu/pool/main/libx/libxss/libxss1_1.2.2-1_amd64.deb
  hash: 759a4a9e185c76172efc48184398d377279e870a57e1ae17fe97a21067dda479
- package: libxss1
  version: 1:1.2.2-1
  url: http://us.archive.ubuntu.com/ubuntu/pool/main/libx/libxss/libxss1_1.2.2-1_i386.deb
  hash: d06058461e03ebdfe778babbbffdc36240d55bfad6ac7358d5736a357e4595dd
- package: libxss1
  version: 1:1.2.2-1
  url: http://us.ports.ubuntu.com/ubuntu-ports/pool/main/libx/libxss/libxss1_1.2.2-1_arm64.deb
  hash: 97ab24de8516ce25fee61ac4d4826bdf7d5a8b3cffb4e6bb1b05a0254789142b
- package: libxss1
  version: 1:1.2.2-1
  url: http://us.ports.ubuntu.com/ubuntu-ports/pool/main/libx/libxss/libxss1_1.2.2-1_armhf.deb
  hash: 859e79af18c4063803e07981e58648cc652bec47c530185e82dd7a3940aa3e1b
- package: libxxf86vm-dev
  version: 1:1.1.3-1
  url: http://us.archive.ubuntu.com/ubuntu/pool/main/libx/libxxf86vm/libxxf86vm-dev_1.1.3-1_amd64.deb
  hash: 975fbf89fe1d8f9acff742e4b0a8dd3f3d7d2f6ee4686719815e9173c40e6b9b
- package: libxxf86vm-dev
  version: 1:1.1.3-1
  url: http://us.archive.ubuntu.com/ubuntu/pool/main/libx/libxxf86vm/libxxf86vm-dev_1.1.3-1_i386.deb
  hash: 1064adbeab2f1479c663f0aa820525095422911a08b2661330fd6b8e1e3e2d3b
- package: libxxf86vm-dev
  version: 1:1.1.3-1
  url: http://us.ports.ubuntu.com/ubuntu-ports/pool/main/libx/libxxf86vm/libxxf86vm-dev_1.1.3-1_arm64.deb
  hash: 455b78c844f702efd051b1269bb43d7e8e236dec8a7bd32b613ba10abd617655
- package: libxxf86vm-dev
  version: 1:1.1.3-1
  url: http://us.ports.ubuntu.com/ubuntu-ports/pool/main/libx/libxxf86vm/libxxf86vm-dev_1.1.3-1_armhf.deb
  hash: 8cc572bb6e7ab9329edb2176fab7ba1afef46ac6dc6291150c7e0c5692bce913
- package: libxxf86vm1
  version: 1:1.1.3-1
  url: http://us.archive.ubuntu.com/ubuntu/pool/main/libx/libxxf86vm/libxxf86vm1_1.1.3-1_amd64.deb
  hash: f54f9def9a439ddfeba27e8744a79ae50067143d449c457e060288cb4a7b3466
- package: libxxf86vm1
  version: 1:1.1.3-1
  url: http://us.archive.ubuntu.com/ubuntu/pool/main/libx/libxxf86vm/libxxf86vm1_1.1.3-1_i386.deb
  hash: 582657d02a8af5e44f5b85422c7ccc1407d74e6c67e7a765c9df4185b09b47ce
- package: libxxf86vm1
  version: 1:1.1.3-1
  url: http://us.ports.ubuntu.com/ubuntu-ports/pool/main/libx/libxxf86vm/libxxf86vm1_1.1.3-1_arm64.deb
  hash: 62f38b14cb3a3392a0eb173e4a126737c48ddd1225510f40fe0e24e2fa4091c0
- package: libxxf86vm1
  version: 1:1.1.3-1
  url: http://us.ports.ubuntu.com/ubuntu-ports/pool/main/libx/libxxf86vm/libxxf86vm1_1.1.3-1_armhf.deb
  hash: baae2e60e9cc386c39e008d8453e85ec4a33fdb579b94e018ee8db677238b734
- package: linux-libc-dev
  version: 3.13.0-170.220
  url: http://us.archive.ubuntu.com/ubuntu/pool/main/l/linux/linux-libc-dev_3.13.0-170.220_amd64.deb
  hash: 5f78f46e8ae8ab1ce10d18b212ae35ee999e65ee0a29862eb7bfd81cd5367563
- package: linux-libc-dev
  version: 3.13.0-170.220
  url: http://us.archive.ubuntu.com/ubuntu/pool/main/l/linux/linux-libc-dev_3.13.0-170.220_i386.deb
  hash: eb8b59574b86d6a842ce13d5fe87275b0e92b7dc5223c50872d6d7e1012398f4
- package: linux-libc-dev
  version: 3.13.0-170.220
  url: http://us.ports.ubuntu.com/ubuntu-ports/pool/main/l/linux/linux-libc-dev_3.13.0-170.220_arm64.deb
  hash: b230fa2625311873f285ec39b4dfda8049023ad3c345a663e156b942dbc337f1
- package: linux-libc-dev
  version: 3.13.0-170.220
  url: http://us.ports.ubuntu.com/ubuntu-ports/pool/main/l/linux/linux-libc-dev_3.13.0-170.220_armhf.deb
  hash: 8a3b3b5cf39f10eb3ce13af803889c1faf092d3b987b0034d053242c182782f6
- package: mesa-common-dev
  version: 10.1.3-0ubuntu0.6
  url: http://us.archive.ubuntu.com/ubuntu/pool/main/m/mesa/mesa-common-dev_10.1.3-0ubuntu0.6_amd64.deb
  hash: 00c41ffd2406321654cd4cf66504ebdc7382ba55d123a740690b046e51a7e4e1
- package: mesa-common-dev
  version: 10.1.3-0ubuntu0.6
  url: http://us.archive.ubuntu.com/ubuntu/pool/main/m/mesa/mesa-common-dev_10.1.3-0ubuntu0.6_i386.deb
  hash: 61a5fa0aa0746fdfe36d2e7be6fc30493a5b4904ad564214aa87dee8ece6c156
- package: mesa-common-dev
  version: 10.1.3-0ubuntu0.6
  url: http://us.ports.ubuntu.com/ubuntu-ports/pool/main/m/mesa/mesa-common-dev_10.1.3-0ubuntu0.6_arm64.deb
  hash: 038d299a75f52accfa0ccd25d2a9b071f348908a7814b87f7b3b35fdd8e3d722
- package: mesa-common-dev
  version: 10.1.3-0ubuntu0.6
  url: http://us.ports.ubuntu.com/ubuntu-ports/pool/main/m/mesa/mesa-common-dev_10.1.3-0ubuntu0.6_armhf.deb
  hash: fa1c7d9c9e0c1e8e92fece539d2cd5aada60eee07af38d3c894ec7f9ba0a5acf
- package: x11proto-core-dev
  version: 7.0.26-1~ubuntu2
  url: http://us.archive.ubuntu.com/ubuntu/pool/main/x/x11proto-core/x11proto-core-dev_7.0.26-1~ubuntu2_all.deb
  hash: 4b66a1758ab4c9b52350205201a4dbc49f9fd6862f93c9881b4eedf42fa5faf9
- package: x11proto-fixes-dev
  version: 1:5.0-2ubuntu2
  url: http://us.archive.ubuntu.com/ubuntu/pool/main/x/x11proto-fixes/x11proto-fixes-dev_5.0-2ubuntu2_all.deb
  hash: f498eb367d11d82e3150c826bc239d789c5e8b42055706c83315c9966bf76ca2
- package: x11proto-gl-dev
  version: 1.4.17-1
  url: http://us.ports.ubuntu.com/ubuntu-ports/pool/main/x/x11proto-gl/x11proto-gl-dev_1.4.17-1_all.deb
  hash: 6fc8ce114b0e25912207b53d8ee26bcd136ff94801e63b82b903e1a9a3c76ed1
- package: x11proto-input-dev
  version: 2.3-1
  url: http://us.archive.ubuntu.com/ubuntu/pool/main/x/x11proto-input/x11proto-input-dev_2.3-1_all.deb
  hash: d80943d8e56d6b984815d01fe2fe6d1fd305464557222d272632c9adaa471a60
- package: x11proto-kb-dev
  version: 1.0.6-2
  url: http://us.archive.ubuntu.com/ubuntu/pool/main/x/x11proto-kb/x11proto-kb-dev_1.0.6-2_all.deb
  hash: d1bfc998cf8237291eaf913dc703a6cb7ea02d127a347d275767b1d1adc7d654
- package: x11proto-randr-dev
  version: 1.5.0-1~trusty2
  url: http://us.ports.ubuntu.com/ubuntu-ports/pool/main/x/x11proto-randr/x11proto-randr-dev_1.5.0-1~trusty2_all.deb
  hash: 762b4a9d05552a9c6b2b9c2529cc5f0b3e136727dfa7b98658f4193e3959e63d
- package: x11proto-render-dev
  version: 2:0.11.1-2
  url: http://us.ports.ubuntu.com/ubuntu-ports/pool/main/x/x11proto-render/x11proto-render-dev_0.11.1-2_all.deb
  hash: 02080f5bb875bb1cd6e78a09e5b317ced150523596d4df47cc2767fc28fb5173
- package: x11proto-xext-dev
  version: 7.3.0-1
  url: http://us.archive.ubuntu.com/ubuntu/pool/main/x/x11proto-xext/x11proto-xext-dev_7.3.0-1_all.deb
  hash: 03d57b45dbf2bc58bcd99172c0fca7767bfca093204c30c9889d082af08ffbb7
