hash: 6218cce01542ebb015dd32c58d7ff3b98b934bbe35f03fe5b4440af4b5e45b1f
updated: 2023-06-06T23:53:44.550200225Z
packages:
- package: libc6
  version: 2.23-0ubuntu11.3
  url: http://us.archive.ubuntu.com/ubuntu/pool/main/g/glibc/libc6_2.23-0ubuntu11.3_amd64.deb
  hash: d7825ca7a85a2a5c12ff653b9acf7218a86413c79dfe4e52035d63fe1285d642
- package: libc6
  version: 2.23-0ubuntu11.3
  url: http://us.archive.ubuntu.com/ubuntu/pool/main/g/glibc/libc6_2.23-0ubuntu11.3_i386.deb
  hash: 04c7b346435390794f957596cf1810f7659c03dbd4b4fbd008dc02f7a81563d6
- package: libc6
  version: 2.23-0ubuntu11.3
  url: http://us.ports.ubuntu.com/ubuntu-ports/pool/main/g/glibc/libc6_2.23-0ubuntu11.3_arm64.deb
  hash: 72d7c24b20135c7cea7b1391f03e59d5fb08a7f97dca6ffa62a8602dde9a1c8e
- package: libc6
  version: 2.23-0ubuntu11.3
  url: http://us.ports.ubuntu.com/ubuntu-ports/pool/main/g/glibc/libc6_2.23-0ubuntu11.3_armhf.deb
  hash: eaa2753c2ad57c293f2c74e5edcd8363f17ad5d6daa06017f0d7711f973dcaec
- package: libc6-dev
  version: 2.23-0ubuntu11.3
  url: http://us.archive.ubuntu.com/ubuntu/pool/main/g/glibc/libc6-dev_2.23-0ubuntu11.3_amd64.deb
  hash: b5b9102c8df4c0fff770a236c0feb9ab2d430ebddb910359927a3a1725c93a37
- package: libc6-dev
  version: 2.23-0ubuntu11.3
  url: http://us.archive.ubuntu.com/ubuntu/pool/main/g/glibc/libc6-dev_2.23-0ubuntu11.3_i386.deb
  hash: 2d13e07d6baf9e9bbac7616348aff4dd2d21db664f55ed92cff6d39672d95900
- package: libc6-dev
  version: 2.23-0ubuntu11.3
  url: http://us.ports.ubuntu.com/ubuntu-ports/pool/main/g/glibc/libc6-dev_2.23-0ubuntu11.3_arm64.deb
  hash: 0d4f144584fbedf9465f49d3ab47d23ba79f34918ffbe922fe88596dafb9537d
- package: libc6-dev
  version: 2.23-0ubuntu11.3
  url: http://us.ports.ubuntu.com/ubuntu-ports/pool/main/g/glibc/libc6-dev_2.23-0ubuntu11.3_armhf.deb
  hash: ac50323a473234365ccec0713594936d93158f85ef80cef530e1bcebd3e8c870
- package: libgl1-mesa-dev
  version: 18.0.5-0ubuntu0~16.04.1
  url: http://us.archive.ubuntu.com/ubuntu/pool/main/m/mesa/libgl1-mesa-dev_18.0.5-0ubuntu0~16.04.1_amd64.deb
  hash: a3232cb4997a1372da89e5e2b9d35238d15fc6fd34a66015fb3b1780f5c31bcb
- package: libgl1-mesa-dev
  version: 18.0.5-0ubuntu0~16.04.1
  url: http://us.archive.ubuntu.com/ubuntu/pool/main/m/mesa/libgl1-mesa-dev_18.0.5-0ubuntu0~16.04.1_i386.deb
  hash: 3e43219b805ea359bcb95261e130b736ebc46c09321d3461e8dc473fe34e5a34
- package: libgl1-mesa-dev
  version: 18.0.5-0ubuntu0~16.04.1
  url: http://us.ports.ubuntu.com/ubuntu-ports/pool/main/m/mesa/libgl1-mesa-dev_18.0.5-0ubuntu0~16.04.1_arm64.deb
  hash: 14bbf977cdf9f50b21103f41bc27209242a515120a248388ca4e946791581127
- package: libgl1-mesa-dev
  version: 18.0.5-0ubuntu0~16.04.1
  url: http://us.ports.ubuntu.com/ubuntu-ports/pool/main/m/mesa/libgl1-mesa-dev_18.0.5-0ubuntu0~16.04.1_armhf.deb
  hash: fffce1e7541461f8baf5ab3f7dc0d20943ffab8215e372760621ae0a4cd71624
- package: libglapi-mesa
  version: 18.0.5-0ubuntu0~16.04.1
  url: http://us.archive.ubuntu.com/ubuntu/pool/main/m/mesa/libglapi-mesa_18.0.5-0ubuntu0~16.04.1_amd64.deb
  hash: bb306e135f9e5efc3ef6f18bbacfe93265bc40c9f724104d276cd465aa13b7d7
- package: libglapi-mesa
  version: 18.0.5-0ubuntu0~16.04.1
  url: http://us.archive.ubuntu.com/ubuntu/pool/main/m/mesa/libglapi-mesa_18.0.5-0ubuntu0~16.04.1_i386.deb
  hash: d8586cabecf21f6b213ebb6951df5eb8fab063136096c3510c89003c74bdfecb
- package: libglapi-mesa
  version: 18.0.5-0ubuntu0~16.04.1
  url: http://us.ports.ubuntu.com/ubuntu-ports/pool/main/m/mesa/libglapi-mesa_18.0.5-0ubuntu0~16.04.1_arm64.deb
  hash: 634b25adacd04145de30f20935e724bdcc46f93b046e17c84f1f93c6ec4a1c89
- package: libglapi-mesa
  version: 18.0.5-0ubuntu0~16.04.1
  url: http://us.ports.ubuntu.com/ubuntu-ports/pool/main/m/mesa/libglapi-mesa_18.0.5-0ubuntu0~16.04.1_armhf.deb
  hash: eec63eab52bee2212344695dd5efc91a747620adf31896d1ece4ca835b7633f7
- package: libglu1-mesa
  version: 9.0.0-2.1
  url: http://us.archive.ubuntu.com/ubuntu/pool/main/libg/libglu/libglu1-mesa_9.0.0-2.1_amd64.deb
  hash: 2b2f13f5acfa5d11a664d727bd34a93fd78d5e99fe8bc844481c68181c586956
- package: libglu1-mesa
  version: 9.0.0-2.1
  url: http://us.archive.ubuntu.com/ubuntu/pool/main/libg/libglu/libglu1-mesa_9.0.0-2.1_i386.deb
  hash: e5d986427b0868fda8db1313009203557ab51696227b38ea9c5a363c0eccccbc
- package: libglu1-mesa
  version: 9.0.0-2.1
  url: http://us.ports.ubuntu.com/ubuntu-ports/pool/main/libg/libglu/libglu1-mesa_9.0.0-2.1_arm64.deb
  hash: 50d42405fd1489b8ce5f687ceba8fd93ebe70089cc7260d083526a641f3cdd22
- package: libglu1-mesa
  version: 9.0.0-2.1
  url: http://us.ports.ubuntu.com/ubuntu-ports/pool/main/libg/libglu/libglu1-mesa_9.0.0-2.1_armhf.deb
  hash: 3391c9a0d73a834b3b77f2706fe17d474502663aafd559b5b62d3f99605f1008
- package: libglu1-mesa-dev
  version: 9.0.0-2.1
  url: http://us.archive.ubuntu.com/ubuntu/pool/main/libg/libglu/libglu1-mesa-dev_9.0.0-2.1_amd64.deb
  hash: 5c7454ccf51b040f3d7b4be97773309d4ccc27751702a34df167b6dba3ed1270
- package: libglu1-mesa-dev
  version: 9.0.0-2.1
  url: http://us.archive.ubuntu.com/ubuntu/pool/main/libg/libglu/libglu1-mesa-dev_9.0.0-2.1_i386.deb
  hash: 7b268fe826a27fef718bdd566020bd1db387fb9e8f20bf70efc67d3764d6540b
- package: libglu1-mesa-dev
  version: 9.0.0-2.1
  url: http://us.ports.ubuntu.com/ubuntu-ports/pool/main/libg/libglu/libglu1-mesa-dev_9.0.0-2.1_arm64.deb
  hash: c3954de2d552cade68a401ea76ade23c5931032ec1146d19cd9565daf0910684
- package: libglu1-mesa-dev
  version: 9.0.0-2.1
  url: http://us.ports.ubuntu.com/ubuntu-ports/pool/main/libg/libglu/libglu1-mesa-dev_9.0.0-2.1_armhf.deb
  hash: 4c57a852a3c8fa9b1805d6bd0fb804e4d2ca12a6f1ab048d924f1214987ecf55
- package: libpython3.5
  version: 3.5.2-2ubuntu0~16.04.13
  url: http://us.archive.ubuntu.com/ubuntu/pool/main/p/python3.5/libpython3.5_3.5.2-2ubuntu0~16.04.13_amd64.deb
  hash: efc152064a19c5051ac7595c5f728da8faa2be1fe1f6b66be7fcc5941247fc17
- package: libpython3.5
  version: 3.5.2-2ubuntu0~16.04.13
  url: http://us.archive.ubuntu.com/ubuntu/pool/main/p/python3.5/libpython3.5_3.5.2-2ubuntu0~16.04.13_i386.deb
  hash: 90c3f27d9329803f8f870a8585486f568cdf0847bd3f360e8d126de952b8f083
- package: libpython3.5
  version: 3.5.2-2ubuntu0~16.04.13
  url: http://us.ports.ubuntu.com/ubuntu-ports/pool/main/p/python3.5/libpython3.5_3.5.2-2ubuntu0~16.04.13_arm64.deb
  hash: 56a8a00b9c5925f60ce99aa1b39b63a9a34b10bb93b3cc6a214cb02a18e13fc4
- package: libpython3.5
  version: 3.5.2-2ubuntu0~16.04.13
  url: http://us.ports.ubuntu.com/ubuntu-ports/pool/main/p/python3.5/libpython3.5_3.5.2-2ubuntu0~16.04.13_armhf.deb
  hash: e7682447ca56a00034cb41a2f97039312ceedae0599be3f27a253d0995aea02c
- package: libpython3.5-dev
  version: 3.5.2-2ubuntu0~16.04.13
  url: http://us.archive.ubuntu.com/ubuntu/pool/main/p/python3.5/libpython3.5-dev_3.5.2-2ubuntu0~16.04.13_amd64.deb
  hash: a9f419cc775f1a5846ce453f02af84badece5eb2b531c65e706adaa945cee0bf
- package: libpython3.5-dev
  version: 3.5.2-2ubuntu0~16.04.13
  url: http://us.archive.ubuntu.com/ubuntu/pool/main/p/python3.5/libpython3.5-dev_3.5.2-2ubuntu0~16.04.13_i386.deb
  hash: ee0426d658ae314a7572fd095d6abbd7b35894bf1c09e2d444d8e342803f5773
- package: libpython3.5-dev
  version: 3.5.2-2ubuntu0~16.04.13
  url: http://us.ports.ubuntu.com/ubuntu-ports/pool/main/p/python3.5/libpython3.5-dev_3.5.2-2ubuntu0~16.04.13_arm64.deb
  hash: d4b54591d012607b5b6fbf4b9773fcf07daf104bce2fb8493e1580656bac5698
- package: libpython3.5-dev
  version: 3.5.2-2ubuntu0~16.04.13
  url: http://us.ports.ubuntu.com/ubuntu-ports/pool/main/p/python3.5/libpython3.5-dev_3.5.2-2ubuntu0~16.04.13_armhf.deb
  hash: a2d652326c7431828cb79b75ab652b8c52a202b234e87a2c88e1f53c8691f48c
- package: libx11-6
  version: 2:1.6.3-1ubuntu2.2
  url: http://us.archive.ubuntu.com/ubuntu/pool/main/libx/libx11/libx11-6_1.6.3-1ubuntu2.2_amd64.deb
  hash: 5e31ed274d7e8fd3ab57f3ee56f2250620ee5e49d116f043ef5b5de326457c86
- package: libx11-6
  version: 2:1.6.3-1ubuntu2.2
  url: http://us.archive.ubuntu.com/ubuntu/pool/main/libx/libx11/libx11-6_1.6.3-1ubuntu2.2_i386.deb
  hash: 774601eab92f81f93756fdd24069795c999bbcd1cc6ea6d215265fb88574a563
- package: libx11-6
  version: 2:1.6.3-1ubuntu2.2
  url: http://us.ports.ubuntu.com/ubuntu-ports/pool/main/libx/libx11/libx11-6_1.6.3-1ubuntu2.2_arm64.deb
  hash: fdec110b7ab3f90ab24778f58dc7e0a1b4183fff5b4833b83b647d4744fb100f
- package: libx11-6
  version: 2:1.6.3-1ubuntu2.2
  url: http://us.ports.ubuntu.com/ubuntu-ports/pool/main/libx/libx11/libx11-6_1.6.3-1ubuntu2.2_armhf.deb
  hash: 2601d145e3defbb71c85b7df855ebabf84cc5098d4a943a9c267c0651726486d
- package: libx11-dev
  version: 2:1.6.3-1ubuntu2.2
  url: http://us.archive.ubuntu.com/ubuntu/pool/main/libx/libx11/libx11-dev_1.6.3-1ubuntu2.2_amd64.deb
  hash: e9be28175018487cff3ce32ce02fc84c32e07bf3dbff4ae4c370a8ec4a4bb6f9
- package: libx11-dev
  version: 2:1.6.3-1ubuntu2.2
  url: http://us.archive.ubuntu.com/ubuntu/pool/main/libx/libx11/libx11-dev_1.6.3-1ubuntu2.2_i386.deb
  hash: 3a677077727c551b8380fe5ca7aa9057c1adc65f7784daeb87fa94aa09c75eac
- package: libx11-dev
  version: 2:1.6.3-1ubuntu2.2
  url: http://us.ports.ubuntu.com/ubuntu-ports/pool/main/libx/libx11/libx11-dev_1.6.3-1ubuntu2.2_arm64.deb
  hash: 8486ce7bec4e9368f64b52e2c8892e30bd5ab22563bfa79d748ad81cb8c7f911
- package: libx11-dev
  version: 2:1.6.3-1ubuntu2.2
  url: http://us.ports.ubuntu.com/ubuntu-ports/pool/main/libx/libx11/libx11-dev_1.6.3-1ubuntu2.2_armhf.deb
  hash: 653f0368eeb42469e3ae00dd7b8cdfca6661ace65162948205bdb3f32deff621
- package: libx11-xcb-dev
  version: 2:1.6.3-1ubuntu2.2
  url: http://us.archive.ubuntu.com/ubuntu/pool/main/libx/libx11/libx11-xcb-dev_1.6.3-1ubuntu2.2_amd64.deb
  hash: cd032f3b84125f626052a6ab04db952bab2632be60d40167c0eef9f457906837
- package: libx11-xcb-dev
  version: 2:1.6.3-1ubuntu2.2
  url: http://us.archive.ubuntu.com/ubuntu/pool/main/libx/libx11/libx11-xcb-dev_1.6.3-1ubuntu2.2_i386.deb
  hash: 5694da2e2f19edad113e9b8d86a39bdd6f613ff3f5de0808ccdacf3ed1d2e466
- package: libx11-xcb-dev
  version: 2:1.6.3-1ubuntu2.2
  url: http://us.ports.ubuntu.com/ubuntu-ports/pool/main/libx/libx11/libx11-xcb-dev_1.6.3-1ubuntu2.2_arm64.deb
  hash: 8ca5ae02d7fa38f3ee4a9e53f2d99e5e59fb769e55059e4ab8342fdafb8290ad
- package: libx11-xcb-dev
  version: 2:1.6.3-1ubuntu2.2
  url: http://us.ports.ubuntu.com/ubuntu-ports/pool/main/libx/libx11/libx11-xcb-dev_1.6.3-1ubuntu2.2_armhf.deb
  hash: 15471ff21e655a30a6f3b7f472e488ebc525295008a5c9094e9b712418956643
- package: libx11-xcb1
  version: 2:1.6.3-1ubuntu2.2
  url: http://us.archive.ubuntu.com/ubuntu/pool/main/libx/libx11/libx11-xcb1_1.6.3-1ubuntu2.2_amd64.deb
  hash: 6b329c964919581f52a74876f0bc67b5a0547711f62a9702f7e174c50a999664
- package: libx11-xcb1
  version: 2:1.6.3-1ubuntu2.2
  url: http://us.archive.ubuntu.com/ubuntu/pool/main/libx/libx11/libx11-xcb1_1.6.3-1ubuntu2.2_i386.deb
  hash: 1eff66025bcb55a1274ca46b151765bc2767607cad088f67daef6d9caa79fc6e
- package: libx11-xcb1
  version: 2:1.6.3-1ubuntu2.2
  url: http://us.ports.ubuntu.com/ubuntu-ports/pool/main/libx/libx11/libx11-xcb1_1.6.3-1ubuntu2.2_arm64.deb
  hash: 54c16fd5a88906337a2f476c658d3198c6d3b0cabcaacb25affa3e912d333e3d
- package: libx11-xcb1
  version: 2:1.6.3-1ubuntu2.2
  url: http://us.ports.ubuntu.com/ubuntu-ports/pool/main/libx/libx11/libx11-xcb1_1.6.3-1ubuntu2.2_armhf.deb
  hash: b0e06fbec1f3df9cf687542863ae3eab78a1852fa0173936e2a459e15a7208a3
- package: libxau-dev
  version: 1:1.0.8-1
  url: http://us.archive.ubuntu.com/ubuntu/pool/main/libx/libxau/libxau-dev_1.0.8-1_amd64.deb
  hash: 40fffc39c010257cb0dd0ad461d3c643bcf4eea5d4cdc26621cd52e9b20a917b
- package: libxau-dev
  version: 1:1.0.8-1
  url: http://us.archive.ubuntu.com/ubuntu/pool/main/libx/libxau/libxau-dev_1.0.8-1_i386.deb
  hash: 11445c59f6aeb29d44388df88b4036824010123331e317fcaf1e26ffc34db6c8
- package: libxau-dev
  version: 1:1.0.8-1
  url: http://us.ports.ubuntu.com/ubuntu-ports/pool/main/libx/libxau/libxau-dev_1.0.8-1_arm64.deb
  hash: 72cc10628badcc49339cc1ba12f18fd1e3722dbd8d0bfbf7269696760e009396
- package: libxau-dev
  version: 1:1.0.8-1
  url: http://us.ports.ubuntu.com/ubuntu-ports/pool/main/libx/libxau/libxau-dev_1.0.8-1_armhf.deb
  hash: 8ec3fd087bfe02b2996aa8951ceb30098bc41758d6db25bad64e4f8623f26952
- package: libxau6
  version: 1:1.0.8-1
  url: http://us.archive.ubuntu.com/ubuntu/pool/main/libx/libxau/libxau6_1.0.8-1_amd64.deb
  hash: 881544ee71d85e89ebf224e45acc94930f6a309da2fb33dbf850bd1434e70597
- package: libxau6
  version: 1:1.0.8-1
  url: http://us.archive.ubuntu.com/ubuntu/pool/main/libx/libxau/libxau6_1.0.8-1_i386.deb
  hash: 96b552504165c79599462b5e9a1a8c18ba14c816add6df38ad4138b77a83ea5c
- package: libxau6
  version: 1:1.0.8-1
  url: http://us.ports.ubuntu.com/ubuntu-ports/pool/main/libx/libxau/libxau6_1.0.8-1_arm64.deb
  hash: 0c2c964fd8dedd5a0bd36abd5f79fdbf94b0f80ce929a6ef58e6c1e9c3f40ab8
- package: libxau6
  version: 1:1.0.8-1
  url: http://us.ports.ubuntu.com/ubuntu-ports/pool/main/libx/libxau/libxau6_1.0.8-1_armhf.deb
  hash: ff0a0078a286f1852345b7d95271db6a0c8876202c534de50e384c1c0da105b0
- package: libxcb-shm0
  version: 1.11.1-1ubuntu1
  url: http://us.archive.ubuntu.com/ubuntu/pool/main/libx/libxcb/libxcb-shm0_1.11.1-1ubuntu1_amd64.deb
  hash: 82b8355aaab23b10ee36d202135d8f41a34572d5f5a779c07ad61d2b8804ea3f
- package: libxcb-shm0
  version: 1.11.1-1ubuntu1
  url: http://us.archive.ubuntu.com/ubuntu/pool/main/libx/libxcb/libxcb-shm0_1.11.1-1ubuntu1_i386.deb
  hash: 992a1da8ab061c3486b1c9dba57808c52e90bdb929c1adb5189310d4a84b016f
- package: libxcb-shm0
  version: 1.11.1-1ubuntu1
  url: http://us.ports.ubuntu.com/ubuntu-ports/pool/main/libx/libxcb/libxcb-shm0_1.11.1-1ubuntu1_arm64.deb
  hash: 0db27bb5a239a3a43029f1a02770b254483ec1f292b99251e33875aa6a2fce2a
- package: libxcb-shm0
  version: 1.11.1-1ubuntu1
  url: http://us.ports.ubuntu.com/ubuntu-ports/pool/main/libx/libxcb/libxcb-shm0_1.11.1-1ubuntu1_armhf.deb
  hash: ee3fefeea652f9d0d5c15db7e9b2aba8dc317b751380c15fe2978cbc277560a3
- package: libxcb-shm0-dev
  version: 1.11.1-1ubuntu1
  url: http://us.archive.ubuntu.com/ubuntu/pool/main/libx/libxcb/libxcb-shm0-dev_1.11.1-1ubuntu1_amd64.deb
  hash: d07505e8f0fcb1cd722c52089a783b9ba989b486d318e62818931ebb8536a65c
- package: libxcb-shm0-dev
  version: 1.11.1-1ubuntu1
  url: http://us.archive.ubuntu.com/ubuntu/pool/main/libx/libxcb/libxcb-shm0-dev_1.11.1-1ubuntu1_i386.deb
  hash: b23e40c81bd9bc2dfb33f2fb0a5e10149a8b3f67229f9a266d9c3d02e9f27035
- package: libxcb-shm0-dev
  version: 1.11.1-1ubuntu1
  url: http://us.ports.ubuntu.com/ubuntu-ports/pool/main/libx/libxcb/libxcb-shm0-dev_1.11.1-1ubuntu1_arm64.deb
  hash: 09f2b2bbd39d22e6ae148df63460158dc885aacdbb006524c09aebe805920aec
- package: libxcb-shm0-dev
  version: 1.11.1-1ubuntu1
  url: http://us.ports.ubuntu.com/ubuntu-ports/pool/main/libx/libxcb/libxcb-shm0-dev_1.11.1-1ubuntu1_armhf.deb
  hash: 02d81c63fc6cc0c55c72dc472b5e69411b2c05cf40b8725f3bb29d39e27ced41
- package: libxcb1
  version: 1.11.1-1ubuntu1
  url: http://us.archive.ubuntu.com/ubuntu/pool/main/libx/libxcb/libxcb1_1.11.1-1ubuntu1_amd64.deb
  hash: 74feef1455379608484266ad3dd9d6d2419fed7e9fba34625c04012401fc9069
- package: libxcb1
  version: 1.11.1-1ubuntu1
  url: http://us.archive.ubuntu.com/ubuntu/pool/main/libx/libxcb/libxcb1_1.11.1-1ubuntu1_i386.deb
  hash: 8c7ace59f08930ea543038f16bbe9b839dd1c5e4df10610b01b64684f4756157
- package: libxcb1
  version: 1.11.1-1ubuntu1
  url: http://us.ports.ubuntu.com/ubuntu-ports/pool/main/libx/libxcb/libxcb1_1.11.1-1ubuntu1_arm64.deb
  hash: f209ec6278f8e8abee34a96b7f410ff8fd3a61ab9f78eb0c428082554f2e4e25
- package: libxcb1
  version: 1.11.1-1ubuntu1
  url: http://us.ports.ubuntu.com/ubuntu-ports/pool/main/libx/libxcb/libxcb1_1.11.1-1ubuntu1_armhf.deb
  hash: 43cd6f8b8d21eef2b37810d0d03c92d2b80ad0be9513ac694f92548e66149756
- package: libxcb1-dev
  version: 1.11.1-1ubuntu1
  url: http://us.archive.ubuntu.com/ubuntu/pool/main/libx/libxcb/libxcb1-dev_1.11.1-1ubuntu1_amd64.deb
  hash: 9f3f03fe3ec98f8b33de1f36b57224d0c6d42958ad3caa36f4726976ec8bd1d3
- package: libxcb1-dev
  version: 1.11.1-1ubuntu1
  url: http://us.archive.ubuntu.com/ubuntu/pool/main/libx/libxcb/libxcb1-dev_1.11.1-1ubuntu1_i386.deb
  hash: 2ccc584f9634a3c03b407641e8ebd3a0029beedbf608b2708a586831371fa5be
- package: libxcb1-dev
  version: 1.11.1-1ubuntu1
  url: http://us.ports.ubuntu.com/ubuntu-ports/pool/main/libx/libxcb/libxcb1-dev_1.11.1-1ubuntu1_arm64.deb
  hash: 9640f79d3b1ea3b32bda2e660eb1fd8aa4c1bea22a592af0bb80a751a7a74d79
- package: libxcb1-dev
  version: 1.11.1-1ubuntu1
  url: http://us.ports.ubuntu.com/ubuntu-ports/pool/main/libx/libxcb/libxcb1-dev_1.11.1-1ubuntu1_armhf.deb
  hash: e180543622c0442e67d996b5e4b1aedc469344b6f8edc9b96502bb496ed22983
- package: libxcursor-dev
  version: 1:1.1.14-1ubuntu0.16.04.2
  url: http://us.archive.ubuntu.com/ubuntu/pool/main/libx/libxcursor/libxcursor-dev_1.1.14-1ubuntu0.16.04.2_amd64.deb
  hash: 34b481ff271c0eeb0c3d5f6cf33eba7f5263aadac03f556712bd8dfa6909506a
- package: libxcursor-dev
  version: 1:1.1.14-1ubuntu0.16.04.2
  url: http://us.archive.ubuntu.com/ubuntu/pool/main/libx/libxcursor/libxcursor-dev_1.1.14-1ubuntu0.16.04.2_i386.deb
  hash: b4b269dbda357891fec94ce7dd2535a4368ec3da9d01c5e21a0a3e35a79c862c
- package: libxcursor-dev
  version: 1:1.1.14-1ubuntu0.16.04.2
  url: http://us.ports.ubuntu.com/ubuntu-ports/pool/main/libx/libxcursor/libxcursor-dev_1.1.14-1ubuntu0.16.04.2_arm64.deb
  hash: 6b3c360e6686344430a18878e3f80515a355b3f42ec507139bd47a30057f7733
- package: libxcursor-dev
  version: 1:1.1.14-1ubuntu0.16.04.2
  url: http://us.ports.ubuntu.com/ubuntu-ports/pool/main/libx/libxcursor/libxcursor-dev_1.1.14-1ubuntu0.16.04.2_armhf.deb
  hash: 6bc837db0603a9249254bef1b1b842040c71016f509e1fa8f606b869c574ac7a
- package: libxcursor1
  version: 1:1.1.14-1ubuntu0.16.04.2
  url: http://us.archive.ubuntu.com/ubuntu/pool/main/libx/libxcursor/libxcursor1_1.1.14-1ubuntu0.16.04.2_amd64.deb
  hash: 1956d919e43fd470f57dd479754646de6507c5c6a6d0c5ce68268bd53497e00a
- package: libxcursor1
  version: 1:1.1.14-1ubuntu0.16.04.2
  url: http://us.archive.ubuntu.com/ubuntu/pool/main/libx/libxcursor/libxcursor1_1.1.14-1ubuntu0.16.04.2_i386.deb
  hash: ffb132cd3149e01e983b80e75b0923241e896f69d9c35e3130abf38851cbecc0
- package: libxcursor1
  version: 1:1.1.14-1ubuntu0.16.04.2
  url: http://us.ports.ubuntu.com/ubuntu-ports/pool/main/libx/libxcursor/libxcursor1_1.1.14-1ubuntu0.16.04.2_arm64.deb
  hash: 1b7e3f299d5d04bced8961c3fc5d0f72983342cb398293d852b449b8560cb3ae
- package: libxcursor1
  version: 1:1.1.14-1ubuntu0.16.04.2
  url: http://us.ports.ubuntu.com/ubuntu-ports/pool/main/libx/libxcursor/libxcursor1_1.1.14-1ubuntu0.16.04.2_armhf.deb
  hash: b53cc230fb5b9a1f9e085c8b5d7c19bc9d28842c29afca751db68a7d72ccd8ce
- package: libxdmcp-dev
  version: 1:1.1.2-1.1
  url: http://us.archive.ubuntu.com/ubuntu/pool/main/libx/libxdmcp/libxdmcp-dev_1.1.2-1.1_amd64.deb
  hash: 153fe246d04291947f22211bb5f29ed7308ef0840226f7b4922380a22efdce99
- package: libxdmcp-dev
  version: 1:1.1.2-1.1
  url: http://us.archive.ubuntu.com/ubuntu/pool/main/libx/libxdmcp/libxdmcp-dev_1.1.2-1.1_i386.deb
  hash: 794ce8c6a6cb82fe5cef05a821e957e5baa01446cb56a7aa5d2ab31a7ee075c9
- package: libxdmcp-dev
  version: 1:1.1.2-1.1
  url: http://us.ports.ubuntu.com/ubuntu-ports/pool/main/libx/libxdmcp/libxdmcp-dev_1.1.2-1.1_arm64.deb
  hash: a894947ad40bab5d888db7068547e15fbd9475024dd7e6d4ad5037634dddcb2a
- package: libxdmcp-dev
  version: 1:1.1.2-1.1
  url: http://us.ports.ubuntu.com/ubuntu-ports/pool/main/libx/libxdmcp/libxdmcp-dev_1.1.2-1.1_armhf.deb
  hash: 5e00e57a29ab51ecd6bcc7b5a8460bba84e6e56260f03ea97b46ed6bdf722d00
- package: libxdmcp6
  version: 1:1.1.2-1.1
  url: http://us.archive.ubuntu.com/ubuntu/pool/main/libx/libxdmcp/libxdmcp6_1.1.2-1.1_amd64.deb
  hash: 4219784f39ab5b10d4d83789b4822b56c6926055bcad655fae5312a9d1885c2b
- package: libxdmcp6
  version: 1:1.1.2-1.1
  url: http://us.archive.ubuntu.com/ubuntu/pool/main/libx/libxdmcp/libxdmcp6_1.1.2-1.1_i386.deb
  hash: f9cc0e37ec81101af1bcb305fd02dead4a9cc694f225b69fa454e75bbd3792f6
- package: libxdmcp6
  version: 1:1.1.2-1.1
  url: http://us.ports.ubuntu.com/ubuntu-ports/pool/main/libx/libxdmcp/libxdmcp6_1.1.2-1.1_arm64.deb
  hash: 5e847f72a1ad18baeae569e02506d55113a46f2c716873e47ca7f43317d044cb
- package: libxdmcp6
  version: 1:1.1.2-1.1
  url: http://us.ports.ubuntu.com/ubuntu-ports/pool/main/libx/libxdmcp/libxdmcp6_1.1.2-1.1_armhf.deb
  hash: 09b45de94c82778bd3b1de369448eeeb82dd65b8acfa8442a567535d29ebd7db
- package: libxext-dev
  version: 2:1.3.3-1
  url: http://us.archive.ubuntu.com/ubuntu/pool/main/libx/libxext/libxext-dev_1.3.3-1_amd64.deb
  hash: a2f35c6a3571aefa523641c726fc44ed2ed58373f8fc2f37b7d2d44934a55a64
- package: libxext-dev
  version: 2:1.3.3-1
  url: http://us.archive.ubuntu.com/ubuntu/pool/main/libx/libxext/libxext-dev_1.3.3-1_i386.deb
  hash: 5baeb3521357d2770095fc4f2e26825cb81ce4414dc0420dbccb384042522c16
- package: libxext-dev
  version: 2:1.3.3-1
  url: http://us.ports.ubuntu.com/ubuntu-ports/pool/main/libx/libxext/libxext-dev_1.3.3-1_arm64.deb
  hash: 18eb7c2293628cb1f0ca8140697f3fdfdf9c621063da35bc40a715cac169257c
- package: libxext-dev
  version: 2:1.3.3-1
  url: http://us.ports.ubuntu.com/ubuntu-ports/pool/main/libx/libxext/libxext-dev_1.3.3-1_armhf.deb
  hash: c042e7b323e296e6f2b23a8d3b22a7e35f2fa6c3ce26beeb3dfe9a054c03567c
- package: libxext6
  version: 2:1.3.3-1
  url: http://us.archive.ubuntu.com/ubuntu/pool/main/libx/libxext/libxext6_1.3.3-1_amd64.deb
  hash: 05a861283b2aa54ee5f40e6844d0cc73f50c30440a28964da00302b7fbcecc9e
- package: libxext6
  version: 2:1.3.3-1
  url: http://us.archive.ubuntu.com/ubuntu/pool/main/libx/libxext/libxext6_1.3.3-1_i386.deb
  hash: 61857f80b1a4a4d2e6f8b47e1feb104635b01556b79c4846557c773728e8e924
- package: libxext6
  version: 2:1.3.3-1
  url: http://us.ports.ubuntu.com/ubuntu-ports/pool/main/libx/libxext/libxext6_1.3.3-1_arm64.deb
  hash: e1fb4dc4abae8f1efc335b124745302ee0de3369c838bd209594a5acc4e9a0f5
- package: libxext6
  version: 2:1.3.3-1
  url: http://us.ports.ubuntu.com/ubuntu-ports/pool/main/libx/libxext/libxext6_1.3.3-1_armhf.deb
  hash: 2cbe41d83124bb85f280785c15a40988c25b8a3ee0da1687ffda42892b4db547
- package: libxfixes-dev
  version: 1:5.0.1-2
  url: http://us.archive.ubuntu.com/ubuntu/pool/main/libx/libxfixes/libxfixes-dev_5.0.1-2_amd64.deb
  hash: 1a1972e745b0d276a648fcef54d90bc9fe3b69487f68be032b7dc5258727b2b4
- package: libxfixes-dev
  version: 1:5.0.1-2
  url: http://us.archive.ubuntu.com/ubuntu/pool/main/libx/libxfixes/libxfixes-dev_5.0.1-2_i386.deb
  hash: af1bc7b888f27d2a12372f1d9429369cb9348d0d3f3640cac53c4cca135980ce
- package: libxfixes-dev
  version: 1:5.0.1-2
  url: http://us.ports.ubuntu.com/ubuntu-ports/pool/main/libx/libxfixes/libxfixes-dev_5.0.1-2_arm64.deb
  hash: 72eb2fcf71dac10253f6a0f57f2684c0ed7f6aa0df704347e4fe415e4cc2946f
- package: libxfixes-dev
  version: 1:5.0.1-2
  url: http://us.ports.ubuntu.com/ubuntu-ports/pool/main/libx/libxfixes/libxfixes-dev_5.0.1-2_armhf.deb
  hash: 406ba18ef15bdca6bc2f442e8fe756c617250b2be76e8daea3d4228821a0ded2
- package: libxfixes3
  version: 1:5.0.1-2
  url: http://us.archive.ubuntu.com/ubuntu/pool/main/libx/libxfixes/libxfixes3_5.0.1-2_amd64.deb
  hash: 2cb02eb689b90455b88e2d7da64c802a4bf1aafd17ce9b7fcaf237a0b649d8ea
- package: libxfixes3
  version: 1:5.0.1-2
  url: http://us.archive.ubuntu.com/ubuntu/pool/main/libx/libxfixes/libxfixes3_5.0.1-2_i386.deb
  hash: 265d4eb56eb1b672f7b0ad799224c782bed582e657899432ace2631240aad89c
- package: libxfixes3
  version: 1:5.0.1-2
  url: http://us.ports.ubuntu.com/ubuntu-ports/pool/main/libx/libxfixes/libxfixes3_5.0.1-2_arm64.deb
  hash: c4f0ae7717aea2ce7e204cb160533d91b0e2e1c70e920841544cb35ef5fbdef5
- package: libxfixes3
  version: 1:5.0.1-2
  url: http://us.ports.ubuntu.com/ubuntu-ports/pool/main/libx/libxfixes/libxfixes3_5.0.1-2_armhf.deb
  hash: c50a10ab0f930bb73946300d782ea05dabcef1c2c3d6f9a732259b31f5549826
- package: libxi-dev
  version: 2:1.7.6-1
  url: http://us.archive.ubuntu.com/ubuntu/pool/main/libx/libxi/libxi-dev_1.7.6-1_amd64.deb
  hash: 0247bcbb04c8f41fcde1bf59e0b72a846e864b24245f97990398ee0309efaf8b
- package: libxi-dev
  version: 2:1.7.6-1
  url: http://us.archive.ubuntu.com/ubuntu/pool/main/libx/libxi/libxi-dev_1.7.6-1_i386.deb
  hash: 8cbbd36eda959fcec2d7897ee2473f41b26c1640dd9f2319afe622761ec73e6a
- package: libxi-dev
  version: 2:1.7.6-1
  url: http://us.ports.ubuntu.com/ubuntu-ports/pool/main/libx/libxi/libxi-dev_1.7.6-1_arm64.deb
  hash: 5d44269835336bf8847b2fc7303c4a4f6368a4e81ac6e494eadc669215d6f06d
- package: libxi-dev
  version: 2:1.7.6-1
  url: http://us.ports.ubuntu.com/ubuntu-ports/pool/main/libx/libxi/libxi-dev_1.7.6-1_armhf.deb
  hash: d3479439f8bf9fcb2b7b6de3cd651301f043eea47ffcd3fddbeb8e9828887c96
- package: libxi6
  version: 2:1.7.6-1
  url: http://us.archive.ubuntu.com/ubuntu/pool/main/libx/libxi/libxi6_1.7.6-1_amd64.deb
  hash: 66e9d5780126f2bd0a81ff7ccefb139ffdab011466ff813c8cc676aaacc5c0dc
- package: libxi6
  version: 2:1.7.6-1
  url: http://us.archive.ubuntu.com/ubuntu/pool/main/libx/libxi/libxi6_1.7.6-1_i386.deb
  hash: 8330cedfe90a8fbc44f17da7565ae23c69ec1442911efcb7e437a3fd7d477528
- package: libxi6
  version: 2:1.7.6-1
  url: http://us.ports.ubuntu.com/ubuntu-ports/pool/main/libx/libxi/libxi6_1.7.6-1_arm64.deb
  hash: 25f158a6e402e3243ee9fd3167bd79bcce5b47dc8de6d621613a07948c63d51d
- package: libxi6
  version: 2:1.7.6-1
  url: http://us.ports.ubuntu.com/ubuntu-ports/pool/main/libx/libxi/libxi6_1.7.6-1_armhf.deb
  hash: 533872e8165d916d69452c7258c50b51730e33cc902c153529817945a3426b24
- package: libxinerama-dev
  version: 2:1.1.3-1
  url: http://us.archive.ubuntu.com/ubuntu/pool/main/libx/libxinerama/libxinerama-dev_1.1.3-1_amd64.deb
  hash: 17e0b3c732630f64e45f9e77e3b6639c20afe3e9f42ac29014c1c41602523e57
- package: libxinerama-dev
  version: 2:1.1.3-1
  url: http://us.archive.ubuntu.com/ubuntu/pool/main/libx/libxinerama/libxinerama-dev_1.1.3-1_i386.deb
  hash: 43eb9974b4d5d99bd0aea53162109a3ce7e70e45369ad0ebc5f63d0c610c83c8
- package: libxinerama-dev
  version: 2:1.1.3-1
  url: http://us.ports.ubuntu.com/ubuntu-ports/pool/main/libx/libxinerama/libxinerama-dev_1.1.3-1_arm64.deb
  hash: cb4041e9151387c5ecbce1eba9dd9ab6a8addee4291fe09aa70c14fe79c1eced
- package: libxinerama-dev
  version: 2:1.1.3-1
  url: http://us.ports.ubuntu.com/ubuntu-ports/pool/main/libx/libxinerama/libxinerama-dev_1.1.3-1_armhf.deb
  hash: b85b9d36ed31241c1557e0e4b6c3e02763ff9bad4dd3c11e7fcbcc20cd3624dc
- package: libxinerama1
  version: 2:1.1.3-1
  url: http://us.archive.ubuntu.com/ubuntu/pool/main/libx/libxinerama/libxinerama1_1.1.3-1_amd64.deb
  hash: a2619fb2c8afe71fff0a047ffda776a8fadc5a914334abf00183442a3e46fca8
- package: libxinerama1
  version: 2:1.1.3-1
  url: http://us.archive.ubuntu.com/ubuntu/pool/main/libx/libxinerama/libxinerama1_1.1.3-1_i386.deb
  hash: acbc483ce97574da5c224f9f9d54fc933edc15e68a0867de8712b0686caf6d9e
- package: libxinerama1
  version: 2:1.1.3-1
  url: http://us.ports.ubuntu.com/ubuntu-ports/pool/main/libx/libxinerama/libxinerama1_1.1.3-1_arm64.deb
  hash: f76150e9b5f61e81b63be7874d3c7de2138fbb368a6fe7a3e8a225bfc9f6bb48
- package: libxinerama1
  version: 2:1.1.3-1
  url: http://us.ports.ubuntu.com/ubuntu-ports/pool/main/libx/libxinerama/libxinerama1_1.1.3-1_armhf.deb
  hash: 0e3595fc329511ed84828a9fb241d6c34376aa8042516a992b5eca99095d1c05
- package: libxrandr-dev
  version: 2:1.5.0-1
  url: http://us.archive.ubuntu.com/ubuntu/pool/main/libx/libxrandr/libxrandr-dev_1.5.0-1_amd64.deb
  hash: 9b512e4a074fd4874ef8300c66b1085289e76512f7d1ec0ff330925532d6d6bc
- package: libxrandr-dev
  version: 2:1.5.0-1
  url: http://us.archive.ubuntu.com/ubuntu/pool/main/libx/libxrandr/libxrandr-dev_1.5.0-1_i386.deb
  hash: c0ca74622963f574e20e4e9cab21cf604856c1bd9ff28997d204a2260b820ec7
- package: libxrandr-dev
  version: 2:1.5.0-1
  url: http://us.ports.ubuntu.com/ubuntu-ports/pool/main/libx/libxrandr/libxrandr-dev_1.5.0-1_arm64.deb
  hash: 2a973dbdbef85dbefc19b267287d21d2b32a5164fc96904d413ba158167a1ad9
- package: libxrandr-dev
  version: 2:1.5.0-1
  url: http://us.ports.ubuntu.com/ubuntu-ports/pool/main/libx/libxrandr/libxrandr-dev_1.5.0-1_armhf.deb
  hash: bc26781482cd7af50f41a35a953e2dea0ad23337bcf342ada29b39dde3f13844
- package: libxrandr2
  version: 2:1.5.0-1
  url: http://us.archive.ubuntu.com/ubuntu/pool/main/libx/libxrandr/libxrandr2_1.5.0-1_amd64.deb
  hash: 018b871847173f347557b4b4d66486a43df026035500ddfbcfbf8ff4689b7a3b
- package: libxrandr2
  version: 2:1.5.0-1
  url: http://us.archive.ubuntu.com/ubuntu/pool/main/libx/libxrandr/libxrandr2_1.5.0-1_i386.deb
  hash: 8741c98a7c6e01add23f61ce5507c57995b7632c266e3b43644c982db22625bf
- package: libxrandr2
  version: 2:1.5.0-1
  url: http://us.ports.ubuntu.com/ubuntu-ports/pool/main/libx/libxrandr/libxrandr2_1.5.0-1_arm64.deb
  hash: 597b02c329ca3643ad58758229d7ef12b2f195d2afc416862af02e0e4c5d878c
- package: libxrandr2
  version: 2:1.5.0-1
  url: http://us.ports.ubuntu.com/ubuntu-ports/pool/main/libx/libxrandr/libxrandr2_1.5.0-1_armhf.deb
  hash: dade37f3c7532954eb6db9de2fcc2aea9107e65ea7914527d7219c966b6fedaa
- package: libxrender-dev
  version: 1:0.9.9-0ubuntu1
  url: http://us.archive.ubuntu.com/ubuntu/pool/main/libx/libxrender/libxrender-dev_0.9.9-0ubuntu1_amd64.deb
  hash: 0aa09e79882ab8d48dabb638f86c1dc3b562894edd4409877b3d30c72e379db2
- package: libxrender-dev
  version: 1:0.9.9-0ubuntu1
  url: http://us.archive.ubuntu.com/ubuntu/pool/main/libx/libxrender/libxrender-dev_0.9.9-0ubuntu1_i386.deb
  hash: b67d66f746a8fe0f0b17fe31f7fa40d549a53309caa4f1ea1b737a823f60e5af
- package: libxrender-dev
  version: 1:0.9.9-0ubuntu1
  url: http://us.ports.ubuntu.com/ubuntu-ports/pool/main/libx/libxrender/libxrender-dev_0.9.9-0ubuntu1_arm64.deb
  hash: 8e898fd46d9ddab5dd8073fbea1feb5eca1ce3b7b1f3c4265d0677842ac87732
- package: libxrender-dev
  version: 1:0.9.9-0ubuntu1
  url: http://us.ports.ubuntu.com/ubuntu-ports/pool/main/libx/libxrender/libxrender-dev_0.9.9-0ubuntu1_armhf.deb
  hash: 8acd38cbd18c13495fb028a5897ef07b9fcd9e1c9a66a7b3e42ae028e835fe6c
- package: libxrender1
  version: 1:0.9.9-0ubuntu1
  url: http://us.archive.ubuntu.com/ubuntu/pool/main/libx/libxrender/libxrender1_0.9.9-0ubuntu1_amd64.deb
  hash: 062be733cebe766f38654bec7a359ac1cda860f527b3549ddd381d6973127b4e
- package: libxrender1
  version: 1:0.9.9-0ubuntu1
  url: http://us.archive.ubuntu.com/ubuntu/pool/main/libx/libxrender/libxrender1_0.9.9-0ubuntu1_i386.deb
  hash: 83c427af81a21c649d5dd56a63a129200a04230730b08185724d05c1d9a93a42
- package: libxrender1
  version: 1:0.9.9-0ubuntu1
  url: http://us.ports.ubuntu.com/ubuntu-ports/pool/main/libx/libxrender/libxrender1_0.9.9-0ubuntu1_arm64.deb
  hash: bef57f7dfd6e1d8f7e355f079dbedaf757b86ac814a1f0425d8296570881a88d
- package: libxrender1
  version: 1:0.9.9-0ubuntu1
  url: http://us.ports.ubuntu.com/ubuntu-ports/pool/main/libx/libxrender/libxrender1_0.9.9-0ubuntu1_armhf.deb
  hash: 71878b35342cf03eceeb9b5212fd05d2438877fd9eb810c4edd9183da87d920f
- package: libxss-dev
  version: 1:1.2.2-1
  url: http://us.archive.ubuntu.com/ubuntu/pool/main/libx/libxss/libxss-dev_1.2.2-1_amd64.deb
  hash: 9b306f42341ed9150dcf2a5e037295c7cc32da4643615a88cc4ce257b332edfb
- package: libxss-dev
  version: 1:1.2.2-1
  url: http://us.archive.ubuntu.com/ubuntu/pool/main/libx/libxss/libxss-dev_1.2.2-1_i386.deb
  hash: 5d0220766db40e547479be1bdfd3840a98af1c4f4750d9df137fa6451f1b45d1
- package: libxss-dev
  version: 1:1.2.2-1
  url: http://us.ports.ubuntu.com/ubuntu-ports/pool/main/libx/libxss/libxss-dev_1.2.2-1_arm64.deb
  hash: 1ee8b976f804d77625b7b23db8b23bd701dca0a832441cfa3417755e23259bbf
- package: libxss-dev
  version: 1:1.2.2-1
  url: http://us.ports.ubuntu.com/ubuntu-ports/pool/main/libx/libxss/libxss-dev_1.2.2-1_armhf.deb
  hash: 8b0c113c511d679ce58dcfaafa231610d4a2e3eda1d0d834b464ec448afaf699
- package: libxss1
  version: 1:1.2.2-1
  url: http://us.archive.ubuntu.com/ubuntu/pool/main/libx/libxss/libxss1_1.2.2-1_amd64.deb
  hash: 759a4a9e185c76172efc48184398d377279e870a57e1ae17fe97a21067dda479
- package: libxss1
  version: 1:1.2.2-1
  url: http://us.archive.ubuntu.com/ubuntu/pool/main/libx/libxss/libxss1_1.2.2-1_i386.deb
  hash: d06058461e03ebdfe778babbbffdc36240d55bfad6ac7358d5736a357e4595dd
- package: libxss1
  version: 1:1.2.2-1
  url: http://us.ports.ubuntu.com/ubuntu-ports/pool/main/libx/libxss/libxss1_1.2.2-1_arm64.deb
  hash: 97ab24de8516ce25fee61ac4d4826bdf7d5a8b3cffb4e6bb1b05a0254789142b
- package: libxss1
  version: 1:1.2.2-1
  url: http://us.ports.ubuntu.com/ubuntu-ports/pool/main/libx/libxss/libxss1_1.2.2-1_armhf.deb
  hash: 859e79af18c4063803e07981e58648cc652bec47c530185e82dd7a3940aa3e1b
- package: libxxf86vm-dev
  version: 1:1.1.4-1
  url: http://us.archive.ubuntu.com/ubuntu/pool/main/libx/libxxf86vm/libxxf86vm-dev_1.1.4-1_amd64.deb
  hash: 1c84bd232500449a039459f8791a62568ae474654341e1c2bc3091791aecc4f8
- package: libxxf86vm-dev
  version: 1:1.1.4-1
  url: http://us.archive.ubuntu.com/ubuntu/pool/main/libx/libxxf86vm/libxxf86vm-dev_1.1.4-1_i386.deb
  hash: 1a44aa17312ccc77c3999496576de3ae6e2e38e962b9c0c13bfb5d5522957de8
- package: libxxf86vm-dev
  version: 1:1.1.4-1
  url: http://us.ports.ubuntu.com/ubuntu-ports/pool/main/libx/libxxf86vm/libxxf86vm-dev_1.1.4-1_arm64.deb
  hash: 7aed8503c9740153db1a07502354f44eea93d0f4fe9253f06c1b90c60f6970fe
- package: libxxf86vm-dev
  version: 1:1.1.4-1
  url: http://us.ports.ubuntu.com/ubuntu-ports/pool/main/libx/libxxf86vm/libxxf86vm-dev_1.1.4-1_armhf.deb
  hash: 297922f99d78051d0c5273f98de404e9b7b5ee69b7e76155e1c48c906992f4c3
- package: libxxf86vm1
  version: 1:1.1.4-1
  url: http://us.archive.ubuntu.com/ubuntu/pool/main/libx/libxxf86vm/libxxf86vm1_1.1.4-1_amd64.deb
  hash: 325cc4a771ebef106340dd2dff3778149067bee20867b686d6fcae850062b802
- package: libxxf86vm1
  version: 1:1.1.4-1
  url: http://us.archive.ubuntu.com/ubuntu/pool/main/libx/libxxf86vm/libxxf86vm1_1.1.4-1_i386.deb
  hash: 6f53c1439f74b66690b0f936223ef2df007541c5118e4b6bf301b182c9b02e5b
- package: libxxf86vm1
  version: 1:1.1.4-1
  url: http://us.ports.ubuntu.com/ubuntu-ports/pool/main/libx/libxxf86vm/libxxf86vm1_1.1.4-1_arm64.deb
  hash: 3be418da4122c19074d166dceb5cc786187970016854a935c3d132390820479d
- package: libxxf86vm1
  version: 1:1.1.4-1
  url: http://us.ports.ubuntu.com/ubuntu-ports/pool/main/libx/libxxf86vm/libxxf86vm1_1.1.4-1_armhf.deb
  hash: f384dc3f0e44986c8b60a6d1f1f218255d984530ecc650d592c325a29b0f5c36
- package: linux-libc-dev
  version: 4.4.0-210.242
  url: http://us.archive.ubuntu.com/ubuntu/pool/main/l/linux/linux-libc-dev_4.4.0-210.242_amd64.deb
  hash: 4f001a906759ad51884486fb7f44276b456ac169a83609c7d5cb8dac62634fc8
- package: linux-libc-dev
  version: 4.4.0-210.242
  url: http://us.archive.ubuntu.com/ubuntu/pool/main/l/linux/linux-libc-dev_4.4.0-210.242_i386.deb
  hash: d0086c4f279a8d289124cf29c97fed71962edf5c6ec0e4b3d01276053c02a01d
- package: linux-libc-dev
  version: 4.4.0-210.242
  url: http://us.ports.ubuntu.com/ubuntu-ports/pool/main/l/linux/linux-libc-dev_4.4.0-210.242_arm64.deb
  hash: f84994977cedebcefe4b8bd09fe596cac02be857171cb754b4d8a781eff3581e
- package: linux-libc-dev
  version: 4.4.0-210.242
  url: http://us.ports.ubuntu.com/ubuntu-ports/pool/main/l/linux/linux-libc-dev_4.4.0-210.242_armhf.deb
  hash: 16a9c415755a7b888f979622e623581bef3f9ea24a3065eabd82609a1e7ab756
- package: mesa-common-dev
  version: 18.0.5-0ubuntu0~16.04.1
  url: http://us.archive.ubuntu.com/ubuntu/pool/main/m/mesa/mesa-common-dev_18.0.5-0ubuntu0~16.04.1_amd64.deb
  hash: 39e43617d1e4ee3714cf219ec68adfc435d23ac7bea9ca3f970adcabe5154339
- package: mesa-common-dev
  version: 18.0.5-0ubuntu0~16.04.1
  url: http://us.archive.ubuntu.com/ubuntu/pool/main/m/mesa/mesa-common-dev_18.0.5-0ubuntu0~16.04.1_i386.deb
  hash: a2cbc9cbe7b5a357d946f74f205882b24a307caf36b2089ef8a564aa0d645820
- package: mesa-common-dev
  version: 18.0.5-0ubuntu0~16.04.1
  url: http://us.ports.ubuntu.com/ubuntu-ports/pool/main/m/mesa/mesa-common-dev_18.0.5-0ubuntu0~16.04.1_arm64.deb
  hash: 9351a9c7cfa9dff6c0bd5181468b4dc8c52d8ec081f7e01faa7906ad0ad17395
- package: mesa-common-dev
  version: 18.0.5-0ubuntu0~16.04.1
  url: http://us.ports.ubuntu.com/ubuntu-ports/pool/main/m/mesa/mesa-common-dev_18.0.5-0ubuntu0~16.04.1_armhf.deb
  hash: ace9db530babb20e09c6bbf51f7485bac35ab2547029945969234143b6668869
- package: x11proto-core-dev
  version: 7.0.31-1~ubuntu16.04.2
  url: http://us.ports.ubuntu.com/ubuntu-ports/pool/main/x/x11proto-core/x11proto-core-dev_7.0.31-1~ubuntu16.04.2_all.deb
  hash: 0fee18dbf18aae98df504de83db75532792c6c8b745f5ef1a6d329686afb57a5
- package: x11proto-fixes-dev
  version: 1:5.0-2ubuntu2
  url: http://us.ports.ubuntu.com/ubuntu-ports/pool/main/x/x11proto-fixes/x11proto-fixes-dev_5.0-2ubuntu2_all.deb
  hash: f498eb367d11d82e3150c826bc239d789c5e8b42055706c83315c9966bf76ca2
- package: x11proto-gl-dev
  version: 1.4.17-1
  url: http://us.archive.ubuntu.com/ubuntu/pool/main/x/x11proto-gl/x11proto-gl-dev_1.4.17-1_all.deb
  hash: 6fc8ce114b0e25912207b53d8ee26bcd136ff94801e63b82b903e1a9a3c76ed1
- package: x11proto-input-dev
  version: 2.3.1-1
  url: http://us.ports.ubuntu.com/ubuntu-ports/pool/main/x/x11proto-input/x11proto-input-dev_2.3.1-1_all.deb
  hash: 9af2ec74fe77a0be65502b2ac7f88aeb2a5bf9abb0308fb0da9daf0f36372e1d
- package: x11proto-kb-dev
  version: 1.0.7-0ubuntu1
  url: http://us.archive.ubuntu.com/ubuntu/pool/main/x/x11proto-kb/x11proto-kb-dev_1.0.7-0ubuntu1_all.deb
  hash: 015a294f374e0c4b3e07cadf669bcbdc01139dacdb1989600c117530a085e9cb
- package: x11proto-randr-dev
  version: 1.5.0-1
  url: http://us.archive.ubuntu.com/ubuntu/pool/main/x/x11proto-randr/x11proto-randr-dev_1.5.0-1_all.deb
  hash: 43d53fd4436bc4e65a6a4590c34a8ffd9bb5c16fe258f0fec7f67142f0f771b5
- package: x11proto-render-dev
  version: 2:0.11.1-2
  url: http://us.ports.ubuntu.com/ubuntu-ports/pool/main/x/x11proto-render/x11proto-render-dev_0.11.1-2_all.deb
  hash: 02080f5bb875bb1cd6e78a09e5b317ced150523596d4df47cc2767fc28fb5173
- package: x11proto-xext-dev
  version: 7.3.0-1
  url: http://us.ports.ubuntu.com/ubuntu-ports/pool/main/x/x11proto-xext/x11proto-xext-dev_7.3.0-1_all.deb
  hash: 03d57b45dbf2bc58bcd99172c0fca7767bfca093204c30c9889d082af08ffbb7
